Microsoft Visual Studio Solution File, Format Version 9.00
# Visual Studio 2005
Project("{8BC9CEB8-8B4A-11D0-8D11-00A0C91BC942}") = "NSClient++", "NSClient++.vcproj", "{2286162D-7571-4735-BAC8-4A8D33A4F42D}"
	ProjectSection(ProjectDependencies) = postProject
		{BA246C01-063A-4548-8957-32D5CC76171B} = {BA246C01-063A-4548-8957-32D5CC76171B}
		{BBFF8362-C626-4838-B0A2-F695D638AD24} = {BBFF8362-C626-4838-B0A2-F695D638AD24}
		{08D6246D-1B4A-47A3-965D-296DCC54A4E8} = {08D6246D-1B4A-47A3-965D-296DCC54A4E8}
		{E6E588AB-EFEF-481C-9AF7-DCDCB95CFF45} = {E6E588AB-EFEF-481C-9AF7-DCDCB95CFF45}
		{62B685D7-3A2E-4F3E-B2B8-B17F20C0217F} = {62B685D7-3A2E-4F3E-B2B8-B17F20C0217F}
		{2FF60AF6-09AA-49AB-B414-2E8FD01655C6} = {2FF60AF6-09AA-49AB-B414-2E8FD01655C6}
	EndProjectSection
EndProject
Project("{8BC9CEB8-8B4A-11D0-8D11-00A0C91BC942}") = "SysTray", "modules\SysTray\SysTray.vcproj", "{BBFF8362-C626-4838-B0A2-F695D638AD24}"
EndProject
Project("{8BC9CEB8-8B4A-11D0-8D11-00A0C91BC942}") = "FileLogger", "modules\FileLogger\FileLogger.vcproj", "{62B685D7-3A2E-4F3E-B2B8-B17F20C0217F}"
EndProject
Project("{8BC9CEB8-8B4A-11D0-8D11-00A0C91BC942}") = "CheckEventLog", "modules\CheckEventLog\CheckEventLog.vcproj", "{BA246C01-063A-4548-8957-32D5CC76171B}"
EndProject
Project("{8BC9CEB8-8B4A-11D0-8D11-00A0C91BC942}") = "CheckDisk", "modules\CheckDisk\CheckDisk.vcproj", "{E6E588AB-EFEF-481C-9AF7-DCDCB95CFF45}"
EndProject
Project("{8BC9CEB8-8B4A-11D0-8D11-00A0C91BC942}") = "NRPEListener", "modules\NRPEListener\NRPEListener.vcproj", "{2FF60AF6-09AA-49AB-B414-2E8FD01655C6}"
EndProject
Project("{8BC9CEB8-8B4A-11D0-8D11-00A0C91BC942}") = "NSClientListener", "modules\NSClientListener\NSClientListener.vcproj", "{08D6246D-1B4A-47A3-965D-296DCC54A4E8}"
EndProject
Project("{8BC9CEB8-8B4A-11D0-8D11-00A0C91BC942}") = "CheckSystem", "modules\CheckSystem\CheckSystem.vcproj", "{2FCAF54B-AAD3-4F59-895A-8F9CEAFDC65D}"
EndProject
Project("{8BC9CEB8-8B4A-11D0-8D11-00A0C91BC942}") = "CheckHelpers", "modules\CheckHelpers\CheckHelpers.vcproj", "{8F1C3E39-D6C6-4414-AAD2-FE03C9A8655F}"
EndProject
Project("{8BC9CEB8-8B4A-11D0-8D11-00A0C91BC942}") = "ConfWiz", "ConfWiz\ConfWiz.vcproj", "{BD93F0C3-E342-4D68-9717-FCAC2E7189AA}"
EndProject
Project("{8BC9CEB8-8B4A-11D0-8D11-00A0C91BC942}") = "CheckWMI", "modules\CheckWMI\CheckWMI.vcproj", "{05DE66AC-E55C-43B3-849F-7EC695D8B8D0}"
EndProject
Project("{8BC9CEB8-8B4A-11D0-8D11-00A0C91BC942}") = "RemoteConfiguration", "modules\RemoteConfiguration\RemoteConfiguration.vcproj", "{859F9144-1ABB-4AA3-A52D-DD1112048531}"
EndProject
Global
	GlobalSection(SolutionConfigurationPlatforms) = preSolution
		Debug|Win32 = Debug|Win32
		Distribution|Win32 = Distribution|Win32
		Release|Win32 = Release|Win32
	EndGlobalSection
	GlobalSection(ProjectConfigurationPlatforms) = postSolution
		{2286162D-7571-4735-BAC8-4A8D33A4F42D}.Debug|Win32.ActiveCfg = Debug|Win32
		{2286162D-7571-4735-BAC8-4A8D33A4F42D}.Debug|Win32.Build.0 = Debug|Win32
		{2286162D-7571-4735-BAC8-4A8D33A4F42D}.Distribution|Win32.ActiveCfg = Distribution|Win32
		{2286162D-7571-4735-BAC8-4A8D33A4F42D}.Distribution|Win32.Build.0 = Distribution|Win32
		{2286162D-7571-4735-BAC8-4A8D33A4F42D}.Release|Win32.ActiveCfg = Release|Win32
		{2286162D-7571-4735-BAC8-4A8D33A4F42D}.Release|Win32.Build.0 = Release|Win32
		{BBFF8362-C626-4838-B0A2-F695D638AD24}.Debug|Win32.ActiveCfg = Debug|Win32
		{BBFF8362-C626-4838-B0A2-F695D638AD24}.Debug|Win32.Build.0 = Debug|Win32
		{BBFF8362-C626-4838-B0A2-F695D638AD24}.Distribution|Win32.ActiveCfg = Distribution|Win32
		{BBFF8362-C626-4838-B0A2-F695D638AD24}.Distribution|Win32.Build.0 = Distribution|Win32
		{BBFF8362-C626-4838-B0A2-F695D638AD24}.Release|Win32.ActiveCfg = Release|Win32
		{BBFF8362-C626-4838-B0A2-F695D638AD24}.Release|Win32.Build.0 = Release|Win32
		{62B685D7-3A2E-4F3E-B2B8-B17F20C0217F}.Debug|Win32.ActiveCfg = Debug|Win32
		{62B685D7-3A2E-4F3E-B2B8-B17F20C0217F}.Debug|Win32.Build.0 = Debug|Win32
		{62B685D7-3A2E-4F3E-B2B8-B17F20C0217F}.Distribution|Win32.ActiveCfg = Distribution|Win32
		{62B685D7-3A2E-4F3E-B2B8-B17F20C0217F}.Distribution|Win32.Build.0 = Distribution|Win32
		{62B685D7-3A2E-4F3E-B2B8-B17F20C0217F}.Release|Win32.ActiveCfg = Release|Win32
		{62B685D7-3A2E-4F3E-B2B8-B17F20C0217F}.Release|Win32.Build.0 = Release|Win32
		{BA246C01-063A-4548-8957-32D5CC76171B}.Debug|Win32.ActiveCfg = Debug|Win32
		{BA246C01-063A-4548-8957-32D5CC76171B}.Debug|Win32.Build.0 = Debug|Win32
		{BA246C01-063A-4548-8957-32D5CC76171B}.Distribution|Win32.ActiveCfg = Distribution|Win32
		{BA246C01-063A-4548-8957-32D5CC76171B}.Distribution|Win32.Build.0 = Distribution|Win32
		{BA246C01-063A-4548-8957-32D5CC76171B}.Release|Win32.ActiveCfg = Release|Win32
		{BA246C01-063A-4548-8957-32D5CC76171B}.Release|Win32.Build.0 = Release|Win32
		{E6E588AB-EFEF-481C-9AF7-DCDCB95CFF45}.Debug|Win32.ActiveCfg = Debug|Win32
		{E6E588AB-EFEF-481C-9AF7-DCDCB95CFF45}.Debug|Win32.Build.0 = Debug|Win32
		{E6E588AB-EFEF-481C-9AF7-DCDCB95CFF45}.Distribution|Win32.ActiveCfg = Distribution|Win32
		{E6E588AB-EFEF-481C-9AF7-DCDCB95CFF45}.Distribution|Win32.Build.0 = Distribution|Win32
		{E6E588AB-EFEF-481C-9AF7-DCDCB95CFF45}.Release|Win32.ActiveCfg = Release|Win32
		{E6E588AB-EFEF-481C-9AF7-DCDCB95CFF45}.Release|Win32.Build.0 = Release|Win32
		{2FF60AF6-09AA-49AB-B414-2E8FD01655C6}.Debug|Win32.ActiveCfg = Debug|Win32
		{2FF60AF6-09AA-49AB-B414-2E8FD01655C6}.Debug|Win32.Build.0 = Debug|Win32
		{2FF60AF6-09AA-49AB-B414-2E8FD01655C6}.Distribution|Win32.ActiveCfg = Distribution|Win32
		{2FF60AF6-09AA-49AB-B414-2E8FD01655C6}.Distribution|Win32.Build.0 = Distribution|Win32
		{2FF60AF6-09AA-49AB-B414-2E8FD01655C6}.Release|Win32.ActiveCfg = Release|Win32
		{2FF60AF6-09AA-49AB-B414-2E8FD01655C6}.Release|Win32.Build.0 = Release|Win32
		{08D6246D-1B4A-47A3-965D-296DCC54A4E8}.Debug|Win32.ActiveCfg = Debug|Win32
		{08D6246D-1B4A-47A3-965D-296DCC54A4E8}.Debug|Win32.Build.0 = Debug|Win32
		{08D6246D-1B4A-47A3-965D-296DCC54A4E8}.Distribution|Win32.ActiveCfg = Distribution|Win32
		{08D6246D-1B4A-47A3-965D-296DCC54A4E8}.Distribution|Win32.Build.0 = Distribution|Win32
		{08D6246D-1B4A-47A3-965D-296DCC54A4E8}.Release|Win32.ActiveCfg = Release|Win32
		{08D6246D-1B4A-47A3-965D-296DCC54A4E8}.Release|Win32.Build.0 = Release|Win32
		{2FCAF54B-AAD3-4F59-895A-8F9CEAFDC65D}.Debug|Win32.ActiveCfg = Debug|Win32
		{2FCAF54B-AAD3-4F59-895A-8F9CEAFDC65D}.Debug|Win32.Build.0 = Debug|Win32
		{2FCAF54B-AAD3-4F59-895A-8F9CEAFDC65D}.Distribution|Win32.ActiveCfg = Distribution|Win32
		{2FCAF54B-AAD3-4F59-895A-8F9CEAFDC65D}.Distribution|Win32.Build.0 = Distribution|Win32
		{2FCAF54B-AAD3-4F59-895A-8F9CEAFDC65D}.Release|Win32.ActiveCfg = Release|Win32
		{2FCAF54B-AAD3-4F59-895A-8F9CEAFDC65D}.Release|Win32.Build.0 = Release|Win32
		{8F1C3E39-D6C6-4414-AAD2-FE03C9A8655F}.Debug|Win32.ActiveCfg = Debug|Win32
		{8F1C3E39-D6C6-4414-AAD2-FE03C9A8655F}.Distribution|Win32.ActiveCfg = Distribution|Win32
		{8F1C3E39-D6C6-4414-AAD2-FE03C9A8655F}.Release|Win32.ActiveCfg = Release|Win32
		{BD93F0C3-E342-4D68-9717-FCAC2E7189AA}.Debug|Win32.ActiveCfg = Debug|Win32
		{BD93F0C3-E342-4D68-9717-FCAC2E7189AA}.Distribution|Win32.ActiveCfg = Debug|Win32
		{BD93F0C3-E342-4D68-9717-FCAC2E7189AA}.Release|Win32.ActiveCfg = Release|Win32
		{05DE66AC-E55C-43B3-849F-7EC695D8B8D0}.Debug|Win32.ActiveCfg = Debug|Win32
		{05DE66AC-E55C-43B3-849F-7EC695D8B8D0}.Distribution|Win32.ActiveCfg = Distribution|Win32
		{05DE66AC-E55C-43B3-849F-7EC695D8B8D0}.Release|Win32.ActiveCfg = Release|Win32
	EndGlobalSection
	GlobalSection(SolutionProperties) = preSolution
		HideSolutionNode = FALSE
	EndGlobalSection
	GlobalSection(DPCodeReviewSolutionGUID) = preSolution
		DPCodeReviewSolutionGUID = {00000000-0000-0000-0000-000000000000}
	EndGlobalSection
EndGlobal
