Microsoft Visual Studio Solution File, Format Version 8.00
Project("{8BC9CEB8-8B4A-11D0-8D11-00A0C91BC942}") = "NSClient++", "NSClient++.vcproj", "{2286162D-7571-4735-BAC8-4A8D33A4F42D}"
	ProjectSection(ProjectDependencies) = postProject
		{BA246C01-063A-4548-8957-32D5CC76171B} = {BA246C01-063A-4548-8957-32D5CC76171B}
		{BBFF8362-C626-4838-B0A2-F695D638AD24} = {BBFF8362-C626-4838-B0A2-F695D638AD24}
		{2D78C363-02BD-4171-8F91-6B4D669A98BF} = {2D78C363-02BD-4171-8F91-6B4D669A98BF}
		{79F1F571-78A6-4B20-8BD5-0F65CD60012C} = {79F1F571-78A6-4B20-8BD5-0F65CD60012C}
		{62B685D7-3A2E-4F3E-B2B8-B17F20C0217F} = {62B685D7-3A2E-4F3E-B2B8-B17F20C0217F}
	EndProjectSection
EndProject
Project("{8BC9CEB8-8B4A-11D0-8D11-00A0C91BC942}") = "SysTray", "modules\SysTray\SysTray.vcproj", "{BBFF8362-C626-4838-B0A2-F695D638AD24}"
	ProjectSection(ProjectDependencies) = postProject
	EndProjectSection
EndProject
Project("{8BC9CEB8-8B4A-11D0-8D11-00A0C91BC942}") = "NSClientCompat", "modules\NSClientCompat\NSClientCompat.vcproj", "{79F1F571-78A6-4B20-8BD5-0F65CD60012C}"
	ProjectSection(ProjectDependencies) = postProject
	EndProjectSection
EndProject
Project("{8BC9CEB8-8B4A-11D0-8D11-00A0C91BC942}") = "ConsoleLogger", "modules\ConsoleLogger\ConsoleLogger.vcproj", "{2D78C363-02BD-4171-8F91-6B4D669A98BF}"
	ProjectSection(ProjectDependencies) = postProject
	EndProjectSection
EndProject
Project("{8BC9CEB8-8B4A-11D0-8D11-00A0C91BC942}") = "FileLogger", "modules\FileLogger\FileLogger.vcproj", "{62B685D7-3A2E-4F3E-B2B8-B17F20C0217F}"
	ProjectSection(ProjectDependencies) = postProject
	EndProjectSection
EndProject
Project("{8BC9CEB8-8B4A-11D0-8D11-00A0C91BC942}") = "CheckEventLog", "modules\CheckEventLog\CheckEventLog.vcproj", "{BA246C01-063A-4548-8957-32D5CC76171B}"
	ProjectSection(ProjectDependencies) = postProject
	EndProjectSection
EndProject
Global
	GlobalSection(DPCodeReviewSolutionGUID) = preSolution
		DPCodeReviewSolutionGUID = {00000000-0000-0000-0000-000000000000}
	EndGlobalSection
	GlobalSection(SolutionConfiguration) = preSolution
		Debug = Debug
		Release = Release
		Release M$ STL = Release M$ STL
	EndGlobalSection
	GlobalSection(ProjectConfiguration) = postSolution
		{2286162D-7571-4735-BAC8-4A8D33A4F42D}.Debug.ActiveCfg = Debug|Win32
		{2286162D-7571-4735-BAC8-4A8D33A4F42D}.Debug.Build.0 = Debug|Win32
		{2286162D-7571-4735-BAC8-4A8D33A4F42D}.Release.ActiveCfg = Release|Win32
		{2286162D-7571-4735-BAC8-4A8D33A4F42D}.Release.Build.0 = Release|Win32
		{2286162D-7571-4735-BAC8-4A8D33A4F42D}.Release M$ STL.ActiveCfg = Release M$ STL|Win32
		{2286162D-7571-4735-BAC8-4A8D33A4F42D}.Release M$ STL.Build.0 = Release M$ STL|Win32
		{BBFF8362-C626-4838-B0A2-F695D638AD24}.Debug.ActiveCfg = Debug|Win32
		{BBFF8362-C626-4838-B0A2-F695D638AD24}.Debug.Build.0 = Debug|Win32
		{BBFF8362-C626-4838-B0A2-F695D638AD24}.Release.ActiveCfg = Release|Win32
		{BBFF8362-C626-4838-B0A2-F695D638AD24}.Release.Build.0 = Release|Win32
		{BBFF8362-C626-4838-B0A2-F695D638AD24}.Release M$ STL.ActiveCfg = Release|Win32
		{BBFF8362-C626-4838-B0A2-F695D638AD24}.Release M$ STL.Build.0 = Release|Win32
		{79F1F571-78A6-4B20-8BD5-0F65CD60012C}.Debug.ActiveCfg = Debug|Win32
		{79F1F571-78A6-4B20-8BD5-0F65CD60012C}.Debug.Build.0 = Debug|Win32
		{79F1F571-78A6-4B20-8BD5-0F65CD60012C}.Release.ActiveCfg = Release|Win32
		{79F1F571-78A6-4B20-8BD5-0F65CD60012C}.Release.Build.0 = Release|Win32
		{79F1F571-78A6-4B20-8BD5-0F65CD60012C}.Release M$ STL.ActiveCfg = Release|Win32
		{79F1F571-78A6-4B20-8BD5-0F65CD60012C}.Release M$ STL.Build.0 = Release|Win32
		{2D78C363-02BD-4171-8F91-6B4D669A98BF}.Debug.ActiveCfg = Debug|Win32
		{2D78C363-02BD-4171-8F91-6B4D669A98BF}.Debug.Build.0 = Debug|Win32
		{2D78C363-02BD-4171-8F91-6B4D669A98BF}.Release.ActiveCfg = Release|Win32
		{2D78C363-02BD-4171-8F91-6B4D669A98BF}.Release.Build.0 = Release|Win32
		{2D78C363-02BD-4171-8F91-6B4D669A98BF}.Release M$ STL.ActiveCfg = Release|Win32
		{2D78C363-02BD-4171-8F91-6B4D669A98BF}.Release M$ STL.Build.0 = Release|Win32
		{62B685D7-3A2E-4F3E-B2B8-B17F20C0217F}.Debug.ActiveCfg = Debug|Win32
		{62B685D7-3A2E-4F3E-B2B8-B17F20C0217F}.Debug.Build.0 = Debug|Win32
		{62B685D7-3A2E-4F3E-B2B8-B17F20C0217F}.Release.ActiveCfg = Release|Win32
		{62B685D7-3A2E-4F3E-B2B8-B17F20C0217F}.Release.Build.0 = Release|Win32
		{62B685D7-3A2E-4F3E-B2B8-B17F20C0217F}.Release M$ STL.ActiveCfg = Release|Win32
		{62B685D7-3A2E-4F3E-B2B8-B17F20C0217F}.Release M$ STL.Build.0 = Release|Win32
		{BA246C01-063A-4548-8957-32D5CC76171B}.Debug.ActiveCfg = Debug|Win32
		{BA246C01-063A-4548-8957-32D5CC76171B}.Debug.Build.0 = Debug|Win32
		{BA246C01-063A-4548-8957-32D5CC76171B}.Release.ActiveCfg = Release|Win32
		{BA246C01-063A-4548-8957-32D5CC76171B}.Release.Build.0 = Release|Win32
		{BA246C01-063A-4548-8957-32D5CC76171B}.Release M$ STL.ActiveCfg = Release|Win32
		{BA246C01-063A-4548-8957-32D5CC76171B}.Release M$ STL.Build.0 = Release|Win32
	EndGlobalSection
	GlobalSection(ExtensibilityGlobals) = postSolution
	EndGlobalSection
	GlobalSection(ExtensibilityAddIns) = postSolution
	EndGlobalSection
EndGlobal
