Microsoft Visual Studio Solution File, Format Version 9.00
# Visual Studio 2005
Project("{8BC9CEB8-8B4A-11D0-8D11-00A0C91BC942}") = "NSClient++", "NSClient++-2005.vcproj", "{2286162D-7571-4735-BAC8-4A8D33A4F42D}"
	ProjectSection(WebsiteProperties) = preProject
		Debug.AspNetCompiler.Debug = "True"
		Release.AspNetCompiler.Debug = "False"
	EndProjectSection
	ProjectSection(ProjectDependencies) = postProject
		{626EB00E-A4D2-4B02-9BF4-4C655CA2B7E4} = {626EB00E-A4D2-4B02-9BF4-4C655CA2B7E4}
		{8F1C3E39-D6C6-4414-AAD2-FE03C9A8655F} = {8F1C3E39-D6C6-4414-AAD2-FE03C9A8655F}
		{2FCAF54B-AAD3-4F59-895A-8F9CEAFDC65D} = {2FCAF54B-AAD3-4F59-895A-8F9CEAFDC65D}
		{08D6246D-1B4A-47A3-965D-296DCC54A4E8} = {08D6246D-1B4A-47A3-965D-296DCC54A4E8}
		{62B685D7-3A2E-4F3E-B2B8-B17F20C0217F} = {62B685D7-3A2E-4F3E-B2B8-B17F20C0217F}
		{2FF60AF6-09AA-49AB-B414-2E8FD01655C6} = {2FF60AF6-09AA-49AB-B414-2E8FD01655C6}
		{05DE66AC-E55C-43B3-849F-7EC695D8B8D0} = {05DE66AC-E55C-43B3-849F-7EC695D8B8D0}
		{BA246C01-063A-4548-8957-32D5CC76171B} = {BA246C01-063A-4548-8957-32D5CC76171B}
		{E6E588AB-EFEF-481C-9AF7-DCDCB95CFF45} = {E6E588AB-EFEF-481C-9AF7-DCDCB95CFF45}
		{BBFF8362-C626-4838-B0A2-F695D638AD24} = {BBFF8362-C626-4838-B0A2-F695D638AD24}
	EndProjectSection
EndProject
Project("{8BC9CEB8-8B4A-11D0-8D11-00A0C91BC942}") = "SysTray", "modules\SysTray\SysTray-2005.vcproj", "{BBFF8362-C626-4838-B0A2-F695D638AD24}"
	ProjectSection(WebsiteProperties) = preProject
		Debug.AspNetCompiler.Debug = "True"
		Release.AspNetCompiler.Debug = "False"
	EndProjectSection
EndProject
Project("{8BC9CEB8-8B4A-11D0-8D11-00A0C91BC942}") = "FileLogger", "modules\FileLogger\FileLogger-2005.vcproj", "{62B685D7-3A2E-4F3E-B2B8-B17F20C0217F}"
	ProjectSection(WebsiteProperties) = preProject
		Debug.AspNetCompiler.Debug = "True"
		Release.AspNetCompiler.Debug = "False"
	EndProjectSection
EndProject
Project("{8BC9CEB8-8B4A-11D0-8D11-00A0C91BC942}") = "CheckEventLog", "modules\CheckEventLog\CheckEventLog-2005.vcproj", "{BA246C01-063A-4548-8957-32D5CC76171B}"
	ProjectSection(WebsiteProperties) = preProject
		Debug.AspNetCompiler.Debug = "True"
		Release.AspNetCompiler.Debug = "False"
	EndProjectSection
EndProject
Project("{8BC9CEB8-8B4A-11D0-8D11-00A0C91BC942}") = "CheckDisk", "modules\CheckDisk\CheckDisk-2005.vcproj", "{E6E588AB-EFEF-481C-9AF7-DCDCB95CFF45}"
	ProjectSection(WebsiteProperties) = preProject
		Debug.AspNetCompiler.Debug = "True"
		Release.AspNetCompiler.Debug = "False"
	EndProjectSection
EndProject
Project("{8BC9CEB8-8B4A-11D0-8D11-00A0C91BC942}") = "NRPEListener", "modules\NRPEListener\NRPEListener-2005.vcproj", "{2FF60AF6-09AA-49AB-B414-2E8FD01655C6}"
	ProjectSection(WebsiteProperties) = preProject
		Debug.AspNetCompiler.Debug = "True"
		Release.AspNetCompiler.Debug = "False"
	EndProjectSection
EndProject
Project("{8BC9CEB8-8B4A-11D0-8D11-00A0C91BC942}") = "NSClientListener", "modules\NSClientListener\NSClientListener-2005.vcproj", "{08D6246D-1B4A-47A3-965D-296DCC54A4E8}"
	ProjectSection(WebsiteProperties) = preProject
		Debug.AspNetCompiler.Debug = "True"
		Release.AspNetCompiler.Debug = "False"
	EndProjectSection
EndProject
Project("{8BC9CEB8-8B4A-11D0-8D11-00A0C91BC942}") = "CheckSystem", "modules\CheckSystem\CheckSystem-2005.vcproj", "{2FCAF54B-AAD3-4F59-895A-8F9CEAFDC65D}"
	ProjectSection(WebsiteProperties) = preProject
		Debug.AspNetCompiler.Debug = "True"
		Release.AspNetCompiler.Debug = "False"
	EndProjectSection
EndProject
Project("{8BC9CEB8-8B4A-11D0-8D11-00A0C91BC942}") = "CheckHelpers", "modules\CheckHelpers\CheckHelpers-2005.vcproj", "{8F1C3E39-D6C6-4414-AAD2-FE03C9A8655F}"
	ProjectSection(WebsiteProperties) = preProject
		Debug.AspNetCompiler.Debug = "True"
		Release.AspNetCompiler.Debug = "False"
	EndProjectSection
EndProject
Project("{8BC9CEB8-8B4A-11D0-8D11-00A0C91BC942}") = "CheckWMI", "modules\CheckWMI\CheckWMI-2005.vcproj", "{05DE66AC-E55C-43B3-849F-7EC695D8B8D0}"
	ProjectSection(WebsiteProperties) = preProject
		Debug.AspNetCompiler.Debug = "True"
		Release.AspNetCompiler.Debug = "False"
	EndProjectSection
EndProject
Project("{8BC9CEB8-8B4A-11D0-8D11-00A0C91BC942}") = "RemoteConfiguration", "modules\RemoteConfiguration\RemoteConfiguration-2005.vcproj", "{626EB00E-A4D2-4B02-9BF4-4C655CA2B7E4}"
	ProjectSection(WebsiteProperties) = preProject
		Debug.AspNetCompiler.Debug = "True"
		Release.AspNetCompiler.Debug = "False"
	EndProjectSection
EndProject
Project("{FAE04EC0-301F-11D3-BF4B-00C04F79EFBC}") = "XAutobuild-2005", "helpers\XAutoBuild\XAutobuild-2005.csproj", "{0E2B21D9-F432-4127-8E92-7716B1072510}"
	ProjectSection(WebsiteProperties) = preProject
		Debug.AspNetCompiler.Debug = "True"
		Release.AspNetCompiler.Debug = "False"
	EndProjectSection
EndProject
Project("{8BC9CEB8-8B4A-11D0-8D11-00A0C91BC942}") = "NSCAAgent", "modules\NSCAAgent\NSCAAgent-2005.vcproj", "{6F55C9BF-57F6-4A15-A058-C83A52F539EE}"
	ProjectSection(WebsiteProperties) = preProject
		Debug.AspNetCompiler.Debug = "True"
		Release.AspNetCompiler.Debug = "False"
	EndProjectSection
	ProjectSection(ProjectDependencies) = postProject
		{630857C0-6AD8-4CEE-B5F7-CA1DF620CA9A} = {630857C0-6AD8-4CEE-B5F7-CA1DF620CA9A}
	EndProjectSection
EndProject
Project("{8BC9CEB8-8B4A-11D0-8D11-00A0C91BC942}") = "LUAScript", "modules\LUAScript\LUAScript-2005.vcproj", "{26B84883-BE52-40E6-9BEE-55AD056D5751}"
	ProjectSection(WebsiteProperties) = preProject
		Debug.AspNetCompiler.Debug = "True"
		Release.AspNetCompiler.Debug = "False"
	EndProjectSection
	ProjectSection(ProjectDependencies) = postProject
		{B6D08289-B8AE-4391-9D07-93B22618BE58} = {B6D08289-B8AE-4391-9D07-93B22618BE58}
	EndProjectSection
EndProject
Project("{8BC9CEB8-8B4A-11D0-8D11-00A0C91BC942}") = "CheckExternalScripts", "modules\CheckExternalScripts\CheckExternalScripts-2005.vcproj", "{0BEEC749-0E3E-4FB2-82DA-AC8D4730A129}"
	ProjectSection(WebsiteProperties) = preProject
		Debug.AspNetCompiler.Debug = "True"
		Release.AspNetCompiler.Debug = "False"
	EndProjectSection
EndProject
Project("{8BC9CEB8-8B4A-11D0-8D11-00A0C91BC942}") = "NRPEClient", "modules\NRPEClient\NRPEClient-2005.vcproj", "{4241C6CF-EC01-4AD9-89B0-B75EBA8A5996}"
	ProjectSection(WebsiteProperties) = preProject
		Debug.AspNetCompiler.Debug = "True"
		Release.AspNetCompiler.Debug = "False"
	EndProjectSection
EndProject
Project("{2150E333-8FDC-42A3-9474-1A3956D46DE8}") = "lib-src", "lib-src", "{C8DCE3D7-A802-4C5D-ABB1-B478F545B6E5}"
	ProjectSection(WebsiteProperties) = preProject
		Debug.AspNetCompiler.Debug = "True"
		Release.AspNetCompiler.Debug = "False"
	EndProjectSection
EndProject
Project("{8BC9CEB8-8B4A-11D0-8D11-00A0C91BC942}") = "Crypto++", "lib-source\Crypto++\Crypto++.vcproj", "{630857C0-6AD8-4CEE-B5F7-CA1DF620CA9A}"
	ProjectSection(WebsiteProperties) = preProject
		Debug.AspNetCompiler.Debug = "True"
		Release.AspNetCompiler.Debug = "False"
	EndProjectSection
EndProject
Project("{8BC9CEB8-8B4A-11D0-8D11-00A0C91BC942}") = "LUA", "lib-source\LUA\LUA.vcproj", "{B6D08289-B8AE-4391-9D07-93B22618BE58}"
	ProjectSection(WebsiteProperties) = preProject
		Debug.AspNetCompiler.Debug = "True"
		Release.AspNetCompiler.Debug = "False"
	EndProjectSection
EndProject
Project("{2150E333-8FDC-42A3-9474-1A3956D46DE8}") = "modules", "modules", "{9757464B-C125-4307-A84A-F4181AE6A081}"
	ProjectSection(WebsiteProperties) = preProject
		Debug.AspNetCompiler.Debug = "True"
		Release.AspNetCompiler.Debug = "False"
	EndProjectSection
EndProject
Project("{2150E333-8FDC-42A3-9474-1A3956D46DE8}") = "helpers", "helpers", "{9A087442-7BB2-4CF0-9F58-5D1BC3C32CD2}"
	ProjectSection(WebsiteProperties) = preProject
		Debug.AspNetCompiler.Debug = "True"
		Release.AspNetCompiler.Debug = "False"
	EndProjectSection
EndProject
Global
	GlobalSection(SolutionConfigurationPlatforms) = preSolution
		Debug|Any CPU = Debug|Any CPU
		Debug|Itanium = Debug|Itanium
		Debug|Mixed Platforms = Debug|Mixed Platforms
		Debug|Win32 = Debug|Win32
		Debug|x64 = Debug|x64
		Debug-MemCheck|Any CPU = Debug-MemCheck|Any CPU
		Debug-MemCheck|Itanium = Debug-MemCheck|Itanium
		Debug-MemCheck|Mixed Platforms = Debug-MemCheck|Mixed Platforms
		Debug-MemCheck|Win32 = Debug-MemCheck|Win32
		Debug-MemCheck|x64 = Debug-MemCheck|x64
		Distribution|Any CPU = Distribution|Any CPU
		Distribution|Itanium = Distribution|Itanium
		Distribution|Mixed Platforms = Distribution|Mixed Platforms
		Distribution|Win32 = Distribution|Win32
		Distribution|x64 = Distribution|x64
		Nightly|Any CPU = Nightly|Any CPU
		Nightly|Itanium = Nightly|Itanium
		Nightly|Mixed Platforms = Nightly|Mixed Platforms
		Nightly|Win32 = Nightly|Win32
		Nightly|x64 = Nightly|x64
		Release|Any CPU = Release|Any CPU
		Release|Itanium = Release|Itanium
		Release|Mixed Platforms = Release|Mixed Platforms
		Release|Win32 = Release|Win32
		Release|x64 = Release|x64
	EndGlobalSection
	GlobalSection(ProjectConfigurationPlatforms) = postSolution
		{2286162D-7571-4735-BAC8-4A8D33A4F42D}.Debug|Any CPU.ActiveCfg = Debug|x64
		{2286162D-7571-4735-BAC8-4A8D33A4F42D}.Debug|Itanium.ActiveCfg = Debug|x64
		{2286162D-7571-4735-BAC8-4A8D33A4F42D}.Debug|Mixed Platforms.ActiveCfg = Debug|x64
		{2286162D-7571-4735-BAC8-4A8D33A4F42D}.Debug|Mixed Platforms.Build.0 = Debug|x64
		{2286162D-7571-4735-BAC8-4A8D33A4F42D}.Debug|Win32.ActiveCfg = Debug|Win32
		{2286162D-7571-4735-BAC8-4A8D33A4F42D}.Debug|Win32.Build.0 = Debug|Win32
		{2286162D-7571-4735-BAC8-4A8D33A4F42D}.Debug|x64.ActiveCfg = Debug|Win32
		{2286162D-7571-4735-BAC8-4A8D33A4F42D}.Debug-MemCheck|Any CPU.ActiveCfg = Debug-MemCheck|x64
		{2286162D-7571-4735-BAC8-4A8D33A4F42D}.Debug-MemCheck|Itanium.ActiveCfg = Debug-MemCheck|x64
		{2286162D-7571-4735-BAC8-4A8D33A4F42D}.Debug-MemCheck|Mixed Platforms.ActiveCfg = Debug-MemCheck|x64
		{2286162D-7571-4735-BAC8-4A8D33A4F42D}.Debug-MemCheck|Mixed Platforms.Build.0 = Debug-MemCheck|x64
		{2286162D-7571-4735-BAC8-4A8D33A4F42D}.Debug-MemCheck|Win32.ActiveCfg = Debug-MemCheck|Win32
		{2286162D-7571-4735-BAC8-4A8D33A4F42D}.Debug-MemCheck|Win32.Build.0 = Debug-MemCheck|Win32
		{2286162D-7571-4735-BAC8-4A8D33A4F42D}.Debug-MemCheck|x64.ActiveCfg = Debug-MemCheck|x64
		{2286162D-7571-4735-BAC8-4A8D33A4F42D}.Debug-MemCheck|x64.Build.0 = Debug-MemCheck|x64
		{2286162D-7571-4735-BAC8-4A8D33A4F42D}.Distribution|Any CPU.ActiveCfg = Distribution|x64
		{2286162D-7571-4735-BAC8-4A8D33A4F42D}.Distribution|Itanium.ActiveCfg = Distribution|x64
		{2286162D-7571-4735-BAC8-4A8D33A4F42D}.Distribution|Mixed Platforms.ActiveCfg = Distribution|x64
		{2286162D-7571-4735-BAC8-4A8D33A4F42D}.Distribution|Mixed Platforms.Build.0 = Distribution|x64
		{2286162D-7571-4735-BAC8-4A8D33A4F42D}.Distribution|Win32.ActiveCfg = Distribution|Win32
		{2286162D-7571-4735-BAC8-4A8D33A4F42D}.Distribution|Win32.Build.0 = Distribution|Win32
		{2286162D-7571-4735-BAC8-4A8D33A4F42D}.Distribution|x64.ActiveCfg = Distribution|x64
		{2286162D-7571-4735-BAC8-4A8D33A4F42D}.Nightly|Any CPU.ActiveCfg = Nightly|x64
		{2286162D-7571-4735-BAC8-4A8D33A4F42D}.Nightly|Itanium.ActiveCfg = Nightly|x64
		{2286162D-7571-4735-BAC8-4A8D33A4F42D}.Nightly|Mixed Platforms.ActiveCfg = Nightly|x64
		{2286162D-7571-4735-BAC8-4A8D33A4F42D}.Nightly|Mixed Platforms.Build.0 = Nightly|x64
		{2286162D-7571-4735-BAC8-4A8D33A4F42D}.Nightly|Win32.ActiveCfg = Nightly|Win32
		{2286162D-7571-4735-BAC8-4A8D33A4F42D}.Nightly|Win32.Build.0 = Nightly|Win32
		{2286162D-7571-4735-BAC8-4A8D33A4F42D}.Nightly|x64.ActiveCfg = Nightly|x64
		{2286162D-7571-4735-BAC8-4A8D33A4F42D}.Nightly|x64.Build.0 = Nightly|x64
		{2286162D-7571-4735-BAC8-4A8D33A4F42D}.Release|Any CPU.ActiveCfg = Release|x64
		{2286162D-7571-4735-BAC8-4A8D33A4F42D}.Release|Itanium.ActiveCfg = Release|x64
		{2286162D-7571-4735-BAC8-4A8D33A4F42D}.Release|Mixed Platforms.ActiveCfg = Release|x64
		{2286162D-7571-4735-BAC8-4A8D33A4F42D}.Release|Mixed Platforms.Build.0 = Release|x64
		{2286162D-7571-4735-BAC8-4A8D33A4F42D}.Release|Win32.ActiveCfg = Release|Win32
		{2286162D-7571-4735-BAC8-4A8D33A4F42D}.Release|Win32.Build.0 = Release|Win32
		{2286162D-7571-4735-BAC8-4A8D33A4F42D}.Release|x64.ActiveCfg = Release|Win32
		{BBFF8362-C626-4838-B0A2-F695D638AD24}.Debug|Any CPU.ActiveCfg = Debug|x64
		{BBFF8362-C626-4838-B0A2-F695D638AD24}.Debug|Itanium.ActiveCfg = Debug|x64
		{BBFF8362-C626-4838-B0A2-F695D638AD24}.Debug|Mixed Platforms.ActiveCfg = Debug|x64
		{BBFF8362-C626-4838-B0A2-F695D638AD24}.Debug|Mixed Platforms.Build.0 = Debug|x64
		{BBFF8362-C626-4838-B0A2-F695D638AD24}.Debug|Win32.ActiveCfg = Debug|Win32
		{BBFF8362-C626-4838-B0A2-F695D638AD24}.Debug|Win32.Build.0 = Debug|Win32
		{BBFF8362-C626-4838-B0A2-F695D638AD24}.Debug|x64.ActiveCfg = Debug|Win32
		{BBFF8362-C626-4838-B0A2-F695D638AD24}.Debug-MemCheck|Any CPU.ActiveCfg = Debug-MemCheck|x64
		{BBFF8362-C626-4838-B0A2-F695D638AD24}.Debug-MemCheck|Itanium.ActiveCfg = Debug-MemCheck|x64
		{BBFF8362-C626-4838-B0A2-F695D638AD24}.Debug-MemCheck|Mixed Platforms.ActiveCfg = Debug-MemCheck|x64
		{BBFF8362-C626-4838-B0A2-F695D638AD24}.Debug-MemCheck|Mixed Platforms.Build.0 = Debug-MemCheck|x64
		{BBFF8362-C626-4838-B0A2-F695D638AD24}.Debug-MemCheck|Win32.ActiveCfg = Debug-MemCheck|Win32
		{BBFF8362-C626-4838-B0A2-F695D638AD24}.Debug-MemCheck|Win32.Build.0 = Debug-MemCheck|Win32
		{BBFF8362-C626-4838-B0A2-F695D638AD24}.Debug-MemCheck|x64.ActiveCfg = Debug-MemCheck|x64
		{BBFF8362-C626-4838-B0A2-F695D638AD24}.Debug-MemCheck|x64.Build.0 = Debug-MemCheck|x64
		{BBFF8362-C626-4838-B0A2-F695D638AD24}.Distribution|Any CPU.ActiveCfg = Distribution|x64
		{BBFF8362-C626-4838-B0A2-F695D638AD24}.Distribution|Itanium.ActiveCfg = Distribution|x64
		{BBFF8362-C626-4838-B0A2-F695D638AD24}.Distribution|Mixed Platforms.ActiveCfg = Distribution|x64
		{BBFF8362-C626-4838-B0A2-F695D638AD24}.Distribution|Mixed Platforms.Build.0 = Distribution|x64
		{BBFF8362-C626-4838-B0A2-F695D638AD24}.Distribution|Win32.ActiveCfg = Distribution|Win32
		{BBFF8362-C626-4838-B0A2-F695D638AD24}.Distribution|Win32.Build.0 = Distribution|Win32
		{BBFF8362-C626-4838-B0A2-F695D638AD24}.Distribution|x64.ActiveCfg = Distribution|Win32
		{BBFF8362-C626-4838-B0A2-F695D638AD24}.Nightly|Any CPU.ActiveCfg = Nightly|x64
		{BBFF8362-C626-4838-B0A2-F695D638AD24}.Nightly|Itanium.ActiveCfg = Nightly|x64
		{BBFF8362-C626-4838-B0A2-F695D638AD24}.Nightly|Mixed Platforms.ActiveCfg = Nightly|x64
		{BBFF8362-C626-4838-B0A2-F695D638AD24}.Nightly|Mixed Platforms.Build.0 = Nightly|x64
		{BBFF8362-C626-4838-B0A2-F695D638AD24}.Nightly|Win32.ActiveCfg = Nightly|Win32
		{BBFF8362-C626-4838-B0A2-F695D638AD24}.Nightly|Win32.Build.0 = Nightly|Win32
		{BBFF8362-C626-4838-B0A2-F695D638AD24}.Nightly|x64.ActiveCfg = Nightly|x64
		{BBFF8362-C626-4838-B0A2-F695D638AD24}.Nightly|x64.Build.0 = Nightly|x64
		{BBFF8362-C626-4838-B0A2-F695D638AD24}.Release|Any CPU.ActiveCfg = Release|x64
		{BBFF8362-C626-4838-B0A2-F695D638AD24}.Release|Itanium.ActiveCfg = Release|x64
		{BBFF8362-C626-4838-B0A2-F695D638AD24}.Release|Mixed Platforms.ActiveCfg = Release|x64
		{BBFF8362-C626-4838-B0A2-F695D638AD24}.Release|Mixed Platforms.Build.0 = Release|x64
		{BBFF8362-C626-4838-B0A2-F695D638AD24}.Release|Win32.ActiveCfg = Release|Win32
		{BBFF8362-C626-4838-B0A2-F695D638AD24}.Release|Win32.Build.0 = Release|Win32
		{BBFF8362-C626-4838-B0A2-F695D638AD24}.Release|x64.ActiveCfg = Release|Win32
		{62B685D7-3A2E-4F3E-B2B8-B17F20C0217F}.Debug|Any CPU.ActiveCfg = Debug|x64
		{62B685D7-3A2E-4F3E-B2B8-B17F20C0217F}.Debug|Itanium.ActiveCfg = Debug|x64
		{62B685D7-3A2E-4F3E-B2B8-B17F20C0217F}.Debug|Mixed Platforms.ActiveCfg = Debug|x64
		{62B685D7-3A2E-4F3E-B2B8-B17F20C0217F}.Debug|Mixed Platforms.Build.0 = Debug|x64
		{62B685D7-3A2E-4F3E-B2B8-B17F20C0217F}.Debug|Win32.ActiveCfg = Debug|Win32
		{62B685D7-3A2E-4F3E-B2B8-B17F20C0217F}.Debug|Win32.Build.0 = Debug|Win32
		{62B685D7-3A2E-4F3E-B2B8-B17F20C0217F}.Debug|x64.ActiveCfg = Debug|Win32
		{62B685D7-3A2E-4F3E-B2B8-B17F20C0217F}.Debug-MemCheck|Any CPU.ActiveCfg = Debug-MemCheck|x64
		{62B685D7-3A2E-4F3E-B2B8-B17F20C0217F}.Debug-MemCheck|Itanium.ActiveCfg = Debug-MemCheck|x64
		{62B685D7-3A2E-4F3E-B2B8-B17F20C0217F}.Debug-MemCheck|Mixed Platforms.ActiveCfg = Debug-MemCheck|x64
		{62B685D7-3A2E-4F3E-B2B8-B17F20C0217F}.Debug-MemCheck|Mixed Platforms.Build.0 = Debug-MemCheck|x64
		{62B685D7-3A2E-4F3E-B2B8-B17F20C0217F}.Debug-MemCheck|Win32.ActiveCfg = Debug-MemCheck|Win32
		{62B685D7-3A2E-4F3E-B2B8-B17F20C0217F}.Debug-MemCheck|Win32.Build.0 = Debug-MemCheck|Win32
		{62B685D7-3A2E-4F3E-B2B8-B17F20C0217F}.Debug-MemCheck|x64.ActiveCfg = Debug-MemCheck|x64
		{62B685D7-3A2E-4F3E-B2B8-B17F20C0217F}.Debug-MemCheck|x64.Build.0 = Debug-MemCheck|x64
		{62B685D7-3A2E-4F3E-B2B8-B17F20C0217F}.Distribution|Any CPU.ActiveCfg = Distribution|x64
		{62B685D7-3A2E-4F3E-B2B8-B17F20C0217F}.Distribution|Itanium.ActiveCfg = Distribution|x64
		{62B685D7-3A2E-4F3E-B2B8-B17F20C0217F}.Distribution|Mixed Platforms.ActiveCfg = Distribution|x64
		{62B685D7-3A2E-4F3E-B2B8-B17F20C0217F}.Distribution|Mixed Platforms.Build.0 = Distribution|x64
		{62B685D7-3A2E-4F3E-B2B8-B17F20C0217F}.Distribution|Win32.ActiveCfg = Distribution|Win32
		{62B685D7-3A2E-4F3E-B2B8-B17F20C0217F}.Distribution|Win32.Build.0 = Distribution|Win32
		{62B685D7-3A2E-4F3E-B2B8-B17F20C0217F}.Distribution|x64.ActiveCfg = Distribution|Win32
		{62B685D7-3A2E-4F3E-B2B8-B17F20C0217F}.Nightly|Any CPU.ActiveCfg = Nightly|x64
		{62B685D7-3A2E-4F3E-B2B8-B17F20C0217F}.Nightly|Itanium.ActiveCfg = Nightly|x64
		{62B685D7-3A2E-4F3E-B2B8-B17F20C0217F}.Nightly|Mixed Platforms.ActiveCfg = Nightly|x64
		{62B685D7-3A2E-4F3E-B2B8-B17F20C0217F}.Nightly|Mixed Platforms.Build.0 = Nightly|x64
		{62B685D7-3A2E-4F3E-B2B8-B17F20C0217F}.Nightly|Win32.ActiveCfg = Nightly|Win32
		{62B685D7-3A2E-4F3E-B2B8-B17F20C0217F}.Nightly|Win32.Build.0 = Nightly|Win32
		{62B685D7-3A2E-4F3E-B2B8-B17F20C0217F}.Nightly|x64.ActiveCfg = Nightly|x64
		{62B685D7-3A2E-4F3E-B2B8-B17F20C0217F}.Nightly|x64.Build.0 = Nightly|x64
		{62B685D7-3A2E-4F3E-B2B8-B17F20C0217F}.Release|Any CPU.ActiveCfg = Release|x64
		{62B685D7-3A2E-4F3E-B2B8-B17F20C0217F}.Release|Itanium.ActiveCfg = Release|x64
		{62B685D7-3A2E-4F3E-B2B8-B17F20C0217F}.Release|Mixed Platforms.ActiveCfg = Release|x64
		{62B685D7-3A2E-4F3E-B2B8-B17F20C0217F}.Release|Mixed Platforms.Build.0 = Release|x64
		{62B685D7-3A2E-4F3E-B2B8-B17F20C0217F}.Release|Win32.ActiveCfg = Release|Win32
		{62B685D7-3A2E-4F3E-B2B8-B17F20C0217F}.Release|Win32.Build.0 = Release|Win32
		{62B685D7-3A2E-4F3E-B2B8-B17F20C0217F}.Release|x64.ActiveCfg = Release|Win32
		{BA246C01-063A-4548-8957-32D5CC76171B}.Debug|Any CPU.ActiveCfg = Debug|x64
		{BA246C01-063A-4548-8957-32D5CC76171B}.Debug|Itanium.ActiveCfg = Debug|x64
		{BA246C01-063A-4548-8957-32D5CC76171B}.Debug|Mixed Platforms.ActiveCfg = Debug|x64
		{BA246C01-063A-4548-8957-32D5CC76171B}.Debug|Mixed Platforms.Build.0 = Debug|x64
		{BA246C01-063A-4548-8957-32D5CC76171B}.Debug|Win32.ActiveCfg = Debug|Win32
		{BA246C01-063A-4548-8957-32D5CC76171B}.Debug|Win32.Build.0 = Debug|Win32
		{BA246C01-063A-4548-8957-32D5CC76171B}.Debug|x64.ActiveCfg = Debug|Win32
		{BA246C01-063A-4548-8957-32D5CC76171B}.Debug-MemCheck|Any CPU.ActiveCfg = Debug-MemCheck|x64
		{BA246C01-063A-4548-8957-32D5CC76171B}.Debug-MemCheck|Itanium.ActiveCfg = Debug-MemCheck|x64
		{BA246C01-063A-4548-8957-32D5CC76171B}.Debug-MemCheck|Mixed Platforms.ActiveCfg = Debug-MemCheck|x64
		{BA246C01-063A-4548-8957-32D5CC76171B}.Debug-MemCheck|Mixed Platforms.Build.0 = Debug-MemCheck|x64
		{BA246C01-063A-4548-8957-32D5CC76171B}.Debug-MemCheck|Win32.ActiveCfg = Debug-MemCheck|Win32
		{BA246C01-063A-4548-8957-32D5CC76171B}.Debug-MemCheck|Win32.Build.0 = Debug-MemCheck|Win32
		{BA246C01-063A-4548-8957-32D5CC76171B}.Debug-MemCheck|x64.ActiveCfg = Debug-MemCheck|x64
		{BA246C01-063A-4548-8957-32D5CC76171B}.Debug-MemCheck|x64.Build.0 = Debug-MemCheck|x64
		{BA246C01-063A-4548-8957-32D5CC76171B}.Distribution|Any CPU.ActiveCfg = Distribution|x64
		{BA246C01-063A-4548-8957-32D5CC76171B}.Distribution|Itanium.ActiveCfg = Distribution|x64
		{BA246C01-063A-4548-8957-32D5CC76171B}.Distribution|Mixed Platforms.ActiveCfg = Distribution|x64
		{BA246C01-063A-4548-8957-32D5CC76171B}.Distribution|Mixed Platforms.Build.0 = Distribution|x64
		{BA246C01-063A-4548-8957-32D5CC76171B}.Distribution|Win32.ActiveCfg = Distribution|Win32
		{BA246C01-063A-4548-8957-32D5CC76171B}.Distribution|Win32.Build.0 = Distribution|Win32
		{BA246C01-063A-4548-8957-32D5CC76171B}.Distribution|x64.ActiveCfg = Distribution|Win32
		{BA246C01-063A-4548-8957-32D5CC76171B}.Nightly|Any CPU.ActiveCfg = Nightly|x64
		{BA246C01-063A-4548-8957-32D5CC76171B}.Nightly|Itanium.ActiveCfg = Nightly|x64
		{BA246C01-063A-4548-8957-32D5CC76171B}.Nightly|Mixed Platforms.ActiveCfg = Nightly|x64
		{BA246C01-063A-4548-8957-32D5CC76171B}.Nightly|Mixed Platforms.Build.0 = Nightly|x64
		{BA246C01-063A-4548-8957-32D5CC76171B}.Nightly|Win32.ActiveCfg = Nightly|Win32
		{BA246C01-063A-4548-8957-32D5CC76171B}.Nightly|Win32.Build.0 = Nightly|Win32
		{BA246C01-063A-4548-8957-32D5CC76171B}.Nightly|x64.ActiveCfg = Nightly|x64
		{BA246C01-063A-4548-8957-32D5CC76171B}.Nightly|x64.Build.0 = Nightly|x64
		{BA246C01-063A-4548-8957-32D5CC76171B}.Release|Any CPU.ActiveCfg = Release|x64
		{BA246C01-063A-4548-8957-32D5CC76171B}.Release|Itanium.ActiveCfg = Release|x64
		{BA246C01-063A-4548-8957-32D5CC76171B}.Release|Mixed Platforms.ActiveCfg = Release|x64
		{BA246C01-063A-4548-8957-32D5CC76171B}.Release|Mixed Platforms.Build.0 = Release|x64
		{BA246C01-063A-4548-8957-32D5CC76171B}.Release|Win32.ActiveCfg = Release|Win32
		{BA246C01-063A-4548-8957-32D5CC76171B}.Release|Win32.Build.0 = Release|Win32
		{BA246C01-063A-4548-8957-32D5CC76171B}.Release|x64.ActiveCfg = Release|Win32
		{E6E588AB-EFEF-481C-9AF7-DCDCB95CFF45}.Debug|Any CPU.ActiveCfg = Debug|x64
		{E6E588AB-EFEF-481C-9AF7-DCDCB95CFF45}.Debug|Itanium.ActiveCfg = Debug|x64
		{E6E588AB-EFEF-481C-9AF7-DCDCB95CFF45}.Debug|Mixed Platforms.ActiveCfg = Debug|x64
		{E6E588AB-EFEF-481C-9AF7-DCDCB95CFF45}.Debug|Mixed Platforms.Build.0 = Debug|x64
		{E6E588AB-EFEF-481C-9AF7-DCDCB95CFF45}.Debug|Win32.ActiveCfg = Debug|Win32
		{E6E588AB-EFEF-481C-9AF7-DCDCB95CFF45}.Debug|Win32.Build.0 = Debug|Win32
		{E6E588AB-EFEF-481C-9AF7-DCDCB95CFF45}.Debug|x64.ActiveCfg = Debug|Win32
		{E6E588AB-EFEF-481C-9AF7-DCDCB95CFF45}.Debug-MemCheck|Any CPU.ActiveCfg = Debug-MemCheck|x64
		{E6E588AB-EFEF-481C-9AF7-DCDCB95CFF45}.Debug-MemCheck|Itanium.ActiveCfg = Debug-MemCheck|x64
		{E6E588AB-EFEF-481C-9AF7-DCDCB95CFF45}.Debug-MemCheck|Mixed Platforms.ActiveCfg = Debug-MemCheck|x64
		{E6E588AB-EFEF-481C-9AF7-DCDCB95CFF45}.Debug-MemCheck|Mixed Platforms.Build.0 = Debug-MemCheck|x64
		{E6E588AB-EFEF-481C-9AF7-DCDCB95CFF45}.Debug-MemCheck|Win32.ActiveCfg = Debug-MemCheck|Win32
		{E6E588AB-EFEF-481C-9AF7-DCDCB95CFF45}.Debug-MemCheck|Win32.Build.0 = Debug-MemCheck|Win32
		{E6E588AB-EFEF-481C-9AF7-DCDCB95CFF45}.Debug-MemCheck|x64.ActiveCfg = Debug-MemCheck|x64
		{E6E588AB-EFEF-481C-9AF7-DCDCB95CFF45}.Debug-MemCheck|x64.Build.0 = Debug-MemCheck|x64
		{E6E588AB-EFEF-481C-9AF7-DCDCB95CFF45}.Distribution|Any CPU.ActiveCfg = Distribution|x64
		{E6E588AB-EFEF-481C-9AF7-DCDCB95CFF45}.Distribution|Itanium.ActiveCfg = Distribution|x64
		{E6E588AB-EFEF-481C-9AF7-DCDCB95CFF45}.Distribution|Mixed Platforms.ActiveCfg = Distribution|x64
		{E6E588AB-EFEF-481C-9AF7-DCDCB95CFF45}.Distribution|Mixed Platforms.Build.0 = Distribution|x64
		{E6E588AB-EFEF-481C-9AF7-DCDCB95CFF45}.Distribution|Win32.ActiveCfg = Distribution|Win32
		{E6E588AB-EFEF-481C-9AF7-DCDCB95CFF45}.Distribution|Win32.Build.0 = Distribution|Win32
		{E6E588AB-EFEF-481C-9AF7-DCDCB95CFF45}.Distribution|x64.ActiveCfg = Distribution|Win32
		{E6E588AB-EFEF-481C-9AF7-DCDCB95CFF45}.Nightly|Any CPU.ActiveCfg = Nightly|x64
		{E6E588AB-EFEF-481C-9AF7-DCDCB95CFF45}.Nightly|Itanium.ActiveCfg = Nightly|x64
		{E6E588AB-EFEF-481C-9AF7-DCDCB95CFF45}.Nightly|Mixed Platforms.ActiveCfg = Nightly|x64
		{E6E588AB-EFEF-481C-9AF7-DCDCB95CFF45}.Nightly|Mixed Platforms.Build.0 = Nightly|x64
		{E6E588AB-EFEF-481C-9AF7-DCDCB95CFF45}.Nightly|Win32.ActiveCfg = Nightly|Win32
		{E6E588AB-EFEF-481C-9AF7-DCDCB95CFF45}.Nightly|Win32.Build.0 = Nightly|Win32
		{E6E588AB-EFEF-481C-9AF7-DCDCB95CFF45}.Nightly|x64.ActiveCfg = Nightly|x64
		{E6E588AB-EFEF-481C-9AF7-DCDCB95CFF45}.Nightly|x64.Build.0 = Nightly|x64
		{E6E588AB-EFEF-481C-9AF7-DCDCB95CFF45}.Release|Any CPU.ActiveCfg = Release|x64
		{E6E588AB-EFEF-481C-9AF7-DCDCB95CFF45}.Release|Itanium.ActiveCfg = Release|x64
		{E6E588AB-EFEF-481C-9AF7-DCDCB95CFF45}.Release|Mixed Platforms.ActiveCfg = Release|x64
		{E6E588AB-EFEF-481C-9AF7-DCDCB95CFF45}.Release|Mixed Platforms.Build.0 = Release|x64
		{E6E588AB-EFEF-481C-9AF7-DCDCB95CFF45}.Release|Win32.ActiveCfg = Release|Win32
		{E6E588AB-EFEF-481C-9AF7-DCDCB95CFF45}.Release|Win32.Build.0 = Release|Win32
		{E6E588AB-EFEF-481C-9AF7-DCDCB95CFF45}.Release|x64.ActiveCfg = Release|Win32
		{2FF60AF6-09AA-49AB-B414-2E8FD01655C6}.Debug|Any CPU.ActiveCfg = Debug|x64
		{2FF60AF6-09AA-49AB-B414-2E8FD01655C6}.Debug|Itanium.ActiveCfg = Debug|x64
		{2FF60AF6-09AA-49AB-B414-2E8FD01655C6}.Debug|Mixed Platforms.ActiveCfg = Debug|x64
		{2FF60AF6-09AA-49AB-B414-2E8FD01655C6}.Debug|Mixed Platforms.Build.0 = Debug|x64
		{2FF60AF6-09AA-49AB-B414-2E8FD01655C6}.Debug|Win32.ActiveCfg = Debug|Win32
		{2FF60AF6-09AA-49AB-B414-2E8FD01655C6}.Debug|Win32.Build.0 = Debug|Win32
		{2FF60AF6-09AA-49AB-B414-2E8FD01655C6}.Debug|x64.ActiveCfg = Debug|Win32
		{2FF60AF6-09AA-49AB-B414-2E8FD01655C6}.Debug-MemCheck|Any CPU.ActiveCfg = Debug-MemCheck|x64
		{2FF60AF6-09AA-49AB-B414-2E8FD01655C6}.Debug-MemCheck|Itanium.ActiveCfg = Debug-MemCheck|x64
		{2FF60AF6-09AA-49AB-B414-2E8FD01655C6}.Debug-MemCheck|Mixed Platforms.ActiveCfg = Debug-MemCheck|x64
		{2FF60AF6-09AA-49AB-B414-2E8FD01655C6}.Debug-MemCheck|Mixed Platforms.Build.0 = Debug-MemCheck|x64
		{2FF60AF6-09AA-49AB-B414-2E8FD01655C6}.Debug-MemCheck|Win32.ActiveCfg = Debug-MemCheck|Win32
		{2FF60AF6-09AA-49AB-B414-2E8FD01655C6}.Debug-MemCheck|Win32.Build.0 = Debug-MemCheck|Win32
		{2FF60AF6-09AA-49AB-B414-2E8FD01655C6}.Debug-MemCheck|x64.ActiveCfg = Debug-MemCheck|x64
		{2FF60AF6-09AA-49AB-B414-2E8FD01655C6}.Debug-MemCheck|x64.Build.0 = Debug-MemCheck|x64
		{2FF60AF6-09AA-49AB-B414-2E8FD01655C6}.Distribution|Any CPU.ActiveCfg = Distribution|x64
		{2FF60AF6-09AA-49AB-B414-2E8FD01655C6}.Distribution|Itanium.ActiveCfg = Distribution|x64
		{2FF60AF6-09AA-49AB-B414-2E8FD01655C6}.Distribution|Mixed Platforms.ActiveCfg = Distribution|x64
		{2FF60AF6-09AA-49AB-B414-2E8FD01655C6}.Distribution|Mixed Platforms.Build.0 = Distribution|x64
		{2FF60AF6-09AA-49AB-B414-2E8FD01655C6}.Distribution|Win32.ActiveCfg = Distribution|Win32
		{2FF60AF6-09AA-49AB-B414-2E8FD01655C6}.Distribution|Win32.Build.0 = Distribution|Win32
		{2FF60AF6-09AA-49AB-B414-2E8FD01655C6}.Distribution|x64.ActiveCfg = Distribution|x64
		{2FF60AF6-09AA-49AB-B414-2E8FD01655C6}.Nightly|Any CPU.ActiveCfg = Nightly|x64
		{2FF60AF6-09AA-49AB-B414-2E8FD01655C6}.Nightly|Itanium.ActiveCfg = Nightly|x64
		{2FF60AF6-09AA-49AB-B414-2E8FD01655C6}.Nightly|Mixed Platforms.ActiveCfg = Nightly|x64
		{2FF60AF6-09AA-49AB-B414-2E8FD01655C6}.Nightly|Mixed Platforms.Build.0 = Nightly|x64
		{2FF60AF6-09AA-49AB-B414-2E8FD01655C6}.Nightly|Win32.ActiveCfg = Nightly|Win32
		{2FF60AF6-09AA-49AB-B414-2E8FD01655C6}.Nightly|Win32.Build.0 = Nightly|Win32
		{2FF60AF6-09AA-49AB-B414-2E8FD01655C6}.Nightly|x64.ActiveCfg = Nightly|x64
		{2FF60AF6-09AA-49AB-B414-2E8FD01655C6}.Nightly|x64.Build.0 = Nightly|x64
		{2FF60AF6-09AA-49AB-B414-2E8FD01655C6}.Release|Any CPU.ActiveCfg = Release|x64
		{2FF60AF6-09AA-49AB-B414-2E8FD01655C6}.Release|Itanium.ActiveCfg = Release|x64
		{2FF60AF6-09AA-49AB-B414-2E8FD01655C6}.Release|Mixed Platforms.ActiveCfg = Release|x64
		{2FF60AF6-09AA-49AB-B414-2E8FD01655C6}.Release|Mixed Platforms.Build.0 = Release|x64
		{2FF60AF6-09AA-49AB-B414-2E8FD01655C6}.Release|Win32.ActiveCfg = Release|Win32
		{2FF60AF6-09AA-49AB-B414-2E8FD01655C6}.Release|Win32.Build.0 = Release|Win32
		{2FF60AF6-09AA-49AB-B414-2E8FD01655C6}.Release|x64.ActiveCfg = Release|Win32
		{08D6246D-1B4A-47A3-965D-296DCC54A4E8}.Debug|Any CPU.ActiveCfg = Debug|x64
		{08D6246D-1B4A-47A3-965D-296DCC54A4E8}.Debug|Itanium.ActiveCfg = Debug|x64
		{08D6246D-1B4A-47A3-965D-296DCC54A4E8}.Debug|Mixed Platforms.ActiveCfg = Debug|x64
		{08D6246D-1B4A-47A3-965D-296DCC54A4E8}.Debug|Mixed Platforms.Build.0 = Debug|x64
		{08D6246D-1B4A-47A3-965D-296DCC54A4E8}.Debug|Win32.ActiveCfg = Debug|Win32
		{08D6246D-1B4A-47A3-965D-296DCC54A4E8}.Debug|Win32.Build.0 = Debug|Win32
		{08D6246D-1B4A-47A3-965D-296DCC54A4E8}.Debug|x64.ActiveCfg = Debug|Win32
		{08D6246D-1B4A-47A3-965D-296DCC54A4E8}.Debug-MemCheck|Any CPU.ActiveCfg = Debug-MemCheck|x64
		{08D6246D-1B4A-47A3-965D-296DCC54A4E8}.Debug-MemCheck|Itanium.ActiveCfg = Debug-MemCheck|x64
		{08D6246D-1B4A-47A3-965D-296DCC54A4E8}.Debug-MemCheck|Mixed Platforms.ActiveCfg = Debug-MemCheck|x64
		{08D6246D-1B4A-47A3-965D-296DCC54A4E8}.Debug-MemCheck|Mixed Platforms.Build.0 = Debug-MemCheck|x64
		{08D6246D-1B4A-47A3-965D-296DCC54A4E8}.Debug-MemCheck|Win32.ActiveCfg = Debug-MemCheck|Win32
		{08D6246D-1B4A-47A3-965D-296DCC54A4E8}.Debug-MemCheck|Win32.Build.0 = Debug-MemCheck|Win32
		{08D6246D-1B4A-47A3-965D-296DCC54A4E8}.Debug-MemCheck|x64.ActiveCfg = Debug-MemCheck|x64
		{08D6246D-1B4A-47A3-965D-296DCC54A4E8}.Debug-MemCheck|x64.Build.0 = Debug-MemCheck|x64
		{08D6246D-1B4A-47A3-965D-296DCC54A4E8}.Distribution|Any CPU.ActiveCfg = Distribution|x64
		{08D6246D-1B4A-47A3-965D-296DCC54A4E8}.Distribution|Itanium.ActiveCfg = Distribution|x64
		{08D6246D-1B4A-47A3-965D-296DCC54A4E8}.Distribution|Mixed Platforms.ActiveCfg = Distribution|x64
		{08D6246D-1B4A-47A3-965D-296DCC54A4E8}.Distribution|Mixed Platforms.Build.0 = Distribution|x64
		{08D6246D-1B4A-47A3-965D-296DCC54A4E8}.Distribution|Win32.ActiveCfg = Distribution|Win32
		{08D6246D-1B4A-47A3-965D-296DCC54A4E8}.Distribution|Win32.Build.0 = Distribution|Win32
		{08D6246D-1B4A-47A3-965D-296DCC54A4E8}.Distribution|x64.ActiveCfg = Distribution|x64
		{08D6246D-1B4A-47A3-965D-296DCC54A4E8}.Nightly|Any CPU.ActiveCfg = Nightly|x64
		{08D6246D-1B4A-47A3-965D-296DCC54A4E8}.Nightly|Itanium.ActiveCfg = Nightly|x64
		{08D6246D-1B4A-47A3-965D-296DCC54A4E8}.Nightly|Mixed Platforms.ActiveCfg = Nightly|x64
		{08D6246D-1B4A-47A3-965D-296DCC54A4E8}.Nightly|Mixed Platforms.Build.0 = Nightly|x64
		{08D6246D-1B4A-47A3-965D-296DCC54A4E8}.Nightly|Win32.ActiveCfg = Nightly|Win32
		{08D6246D-1B4A-47A3-965D-296DCC54A4E8}.Nightly|Win32.Build.0 = Nightly|Win32
		{08D6246D-1B4A-47A3-965D-296DCC54A4E8}.Nightly|x64.ActiveCfg = Nightly|x64
		{08D6246D-1B4A-47A3-965D-296DCC54A4E8}.Nightly|x64.Build.0 = Nightly|x64
		{08D6246D-1B4A-47A3-965D-296DCC54A4E8}.Release|Any CPU.ActiveCfg = Release|x64
		{08D6246D-1B4A-47A3-965D-296DCC54A4E8}.Release|Itanium.ActiveCfg = Release|x64
		{08D6246D-1B4A-47A3-965D-296DCC54A4E8}.Release|Mixed Platforms.ActiveCfg = Release|x64
		{08D6246D-1B4A-47A3-965D-296DCC54A4E8}.Release|Mixed Platforms.Build.0 = Release|x64
		{08D6246D-1B4A-47A3-965D-296DCC54A4E8}.Release|Win32.ActiveCfg = Release|Win32
		{08D6246D-1B4A-47A3-965D-296DCC54A4E8}.Release|Win32.Build.0 = Release|Win32
		{08D6246D-1B4A-47A3-965D-296DCC54A4E8}.Release|x64.ActiveCfg = Release|Win32
		{2FCAF54B-AAD3-4F59-895A-8F9CEAFDC65D}.Debug|Any CPU.ActiveCfg = Debug|x64
		{2FCAF54B-AAD3-4F59-895A-8F9CEAFDC65D}.Debug|Itanium.ActiveCfg = Debug|x64
		{2FCAF54B-AAD3-4F59-895A-8F9CEAFDC65D}.Debug|Mixed Platforms.ActiveCfg = Debug|x64
		{2FCAF54B-AAD3-4F59-895A-8F9CEAFDC65D}.Debug|Mixed Platforms.Build.0 = Debug|x64
		{2FCAF54B-AAD3-4F59-895A-8F9CEAFDC65D}.Debug|Win32.ActiveCfg = Debug|Win32
		{2FCAF54B-AAD3-4F59-895A-8F9CEAFDC65D}.Debug|Win32.Build.0 = Debug|Win32
		{2FCAF54B-AAD3-4F59-895A-8F9CEAFDC65D}.Debug|x64.ActiveCfg = Debug|Win32
		{2FCAF54B-AAD3-4F59-895A-8F9CEAFDC65D}.Debug-MemCheck|Any CPU.ActiveCfg = Debug-MemCheck|x64
		{2FCAF54B-AAD3-4F59-895A-8F9CEAFDC65D}.Debug-MemCheck|Itanium.ActiveCfg = Debug-MemCheck|x64
		{2FCAF54B-AAD3-4F59-895A-8F9CEAFDC65D}.Debug-MemCheck|Mixed Platforms.ActiveCfg = Debug-MemCheck|x64
		{2FCAF54B-AAD3-4F59-895A-8F9CEAFDC65D}.Debug-MemCheck|Mixed Platforms.Build.0 = Debug-MemCheck|x64
		{2FCAF54B-AAD3-4F59-895A-8F9CEAFDC65D}.Debug-MemCheck|Win32.ActiveCfg = Debug-MemCheck|Win32
		{2FCAF54B-AAD3-4F59-895A-8F9CEAFDC65D}.Debug-MemCheck|Win32.Build.0 = Debug-MemCheck|Win32
		{2FCAF54B-AAD3-4F59-895A-8F9CEAFDC65D}.Debug-MemCheck|x64.ActiveCfg = Debug-MemCheck|x64
		{2FCAF54B-AAD3-4F59-895A-8F9CEAFDC65D}.Debug-MemCheck|x64.Build.0 = Debug-MemCheck|x64
		{2FCAF54B-AAD3-4F59-895A-8F9CEAFDC65D}.Distribution|Any CPU.ActiveCfg = Distribution|x64
		{2FCAF54B-AAD3-4F59-895A-8F9CEAFDC65D}.Distribution|Itanium.ActiveCfg = Distribution|x64
		{2FCAF54B-AAD3-4F59-895A-8F9CEAFDC65D}.Distribution|Mixed Platforms.ActiveCfg = Distribution|x64
		{2FCAF54B-AAD3-4F59-895A-8F9CEAFDC65D}.Distribution|Mixed Platforms.Build.0 = Distribution|x64
		{2FCAF54B-AAD3-4F59-895A-8F9CEAFDC65D}.Distribution|Win32.ActiveCfg = Distribution|Win32
		{2FCAF54B-AAD3-4F59-895A-8F9CEAFDC65D}.Distribution|Win32.Build.0 = Distribution|Win32
		{2FCAF54B-AAD3-4F59-895A-8F9CEAFDC65D}.Distribution|x64.ActiveCfg = Distribution|Win32
		{2FCAF54B-AAD3-4F59-895A-8F9CEAFDC65D}.Nightly|Any CPU.ActiveCfg = Nightly|x64
		{2FCAF54B-AAD3-4F59-895A-8F9CEAFDC65D}.Nightly|Itanium.ActiveCfg = Nightly|x64
		{2FCAF54B-AAD3-4F59-895A-8F9CEAFDC65D}.Nightly|Mixed Platforms.ActiveCfg = Nightly|x64
		{2FCAF54B-AAD3-4F59-895A-8F9CEAFDC65D}.Nightly|Mixed Platforms.Build.0 = Nightly|x64
		{2FCAF54B-AAD3-4F59-895A-8F9CEAFDC65D}.Nightly|Win32.ActiveCfg = Nightly|Win32
		{2FCAF54B-AAD3-4F59-895A-8F9CEAFDC65D}.Nightly|Win32.Build.0 = Nightly|Win32
		{2FCAF54B-AAD3-4F59-895A-8F9CEAFDC65D}.Nightly|x64.ActiveCfg = Nightly|x64
		{2FCAF54B-AAD3-4F59-895A-8F9CEAFDC65D}.Nightly|x64.Build.0 = Nightly|x64
		{2FCAF54B-AAD3-4F59-895A-8F9CEAFDC65D}.Release|Any CPU.ActiveCfg = Release|x64
		{2FCAF54B-AAD3-4F59-895A-8F9CEAFDC65D}.Release|Itanium.ActiveCfg = Release|x64
		{2FCAF54B-AAD3-4F59-895A-8F9CEAFDC65D}.Release|Mixed Platforms.ActiveCfg = Release|x64
		{2FCAF54B-AAD3-4F59-895A-8F9CEAFDC65D}.Release|Mixed Platforms.Build.0 = Release|x64
		{2FCAF54B-AAD3-4F59-895A-8F9CEAFDC65D}.Release|Win32.ActiveCfg = Release|Win32
		{2FCAF54B-AAD3-4F59-895A-8F9CEAFDC65D}.Release|Win32.Build.0 = Release|Win32
		{2FCAF54B-AAD3-4F59-895A-8F9CEAFDC65D}.Release|x64.ActiveCfg = Release|Win32
		{8F1C3E39-D6C6-4414-AAD2-FE03C9A8655F}.Debug|Any CPU.ActiveCfg = Debug|x64
		{8F1C3E39-D6C6-4414-AAD2-FE03C9A8655F}.Debug|Itanium.ActiveCfg = Debug|x64
		{8F1C3E39-D6C6-4414-AAD2-FE03C9A8655F}.Debug|Mixed Platforms.ActiveCfg = Debug|x64
		{8F1C3E39-D6C6-4414-AAD2-FE03C9A8655F}.Debug|Mixed Platforms.Build.0 = Debug|x64
		{8F1C3E39-D6C6-4414-AAD2-FE03C9A8655F}.Debug|Win32.ActiveCfg = Debug|Win32
		{8F1C3E39-D6C6-4414-AAD2-FE03C9A8655F}.Debug|Win32.Build.0 = Debug|Win32
		{8F1C3E39-D6C6-4414-AAD2-FE03C9A8655F}.Debug|x64.ActiveCfg = Debug|Win32
		{8F1C3E39-D6C6-4414-AAD2-FE03C9A8655F}.Debug-MemCheck|Any CPU.ActiveCfg = Debug-MemCheck|x64
		{8F1C3E39-D6C6-4414-AAD2-FE03C9A8655F}.Debug-MemCheck|Itanium.ActiveCfg = Debug-MemCheck|x64
		{8F1C3E39-D6C6-4414-AAD2-FE03C9A8655F}.Debug-MemCheck|Mixed Platforms.ActiveCfg = Debug-MemCheck|x64
		{8F1C3E39-D6C6-4414-AAD2-FE03C9A8655F}.Debug-MemCheck|Mixed Platforms.Build.0 = Debug-MemCheck|x64
		{8F1C3E39-D6C6-4414-AAD2-FE03C9A8655F}.Debug-MemCheck|Win32.ActiveCfg = Debug-MemCheck|Win32
		{8F1C3E39-D6C6-4414-AAD2-FE03C9A8655F}.Debug-MemCheck|Win32.Build.0 = Debug-MemCheck|Win32
		{8F1C3E39-D6C6-4414-AAD2-FE03C9A8655F}.Debug-MemCheck|x64.ActiveCfg = Debug-MemCheck|x64
		{8F1C3E39-D6C6-4414-AAD2-FE03C9A8655F}.Debug-MemCheck|x64.Build.0 = Debug-MemCheck|x64
		{8F1C3E39-D6C6-4414-AAD2-FE03C9A8655F}.Distribution|Any CPU.ActiveCfg = Distribution|x64
		{8F1C3E39-D6C6-4414-AAD2-FE03C9A8655F}.Distribution|Itanium.ActiveCfg = Distribution|x64
		{8F1C3E39-D6C6-4414-AAD2-FE03C9A8655F}.Distribution|Mixed Platforms.ActiveCfg = Distribution|x64
		{8F1C3E39-D6C6-4414-AAD2-FE03C9A8655F}.Distribution|Mixed Platforms.Build.0 = Distribution|x64
		{8F1C3E39-D6C6-4414-AAD2-FE03C9A8655F}.Distribution|Win32.ActiveCfg = Distribution|Win32
		{8F1C3E39-D6C6-4414-AAD2-FE03C9A8655F}.Distribution|Win32.Build.0 = Distribution|Win32
		{8F1C3E39-D6C6-4414-AAD2-FE03C9A8655F}.Distribution|x64.ActiveCfg = Distribution|Win32
		{8F1C3E39-D6C6-4414-AAD2-FE03C9A8655F}.Nightly|Any CPU.ActiveCfg = Nightly|x64
		{8F1C3E39-D6C6-4414-AAD2-FE03C9A8655F}.Nightly|Itanium.ActiveCfg = Nightly|x64
		{8F1C3E39-D6C6-4414-AAD2-FE03C9A8655F}.Nightly|Mixed Platforms.ActiveCfg = Nightly|x64
		{8F1C3E39-D6C6-4414-AAD2-FE03C9A8655F}.Nightly|Mixed Platforms.Build.0 = Nightly|x64
		{8F1C3E39-D6C6-4414-AAD2-FE03C9A8655F}.Nightly|Win32.ActiveCfg = Nightly|Win32
		{8F1C3E39-D6C6-4414-AAD2-FE03C9A8655F}.Nightly|Win32.Build.0 = Nightly|Win32
		{8F1C3E39-D6C6-4414-AAD2-FE03C9A8655F}.Nightly|x64.ActiveCfg = Nightly|x64
		{8F1C3E39-D6C6-4414-AAD2-FE03C9A8655F}.Nightly|x64.Build.0 = Nightly|x64
		{8F1C3E39-D6C6-4414-AAD2-FE03C9A8655F}.Release|Any CPU.ActiveCfg = Release|x64
		{8F1C3E39-D6C6-4414-AAD2-FE03C9A8655F}.Release|Itanium.ActiveCfg = Release|x64
		{8F1C3E39-D6C6-4414-AAD2-FE03C9A8655F}.Release|Mixed Platforms.ActiveCfg = Release|x64
		{8F1C3E39-D6C6-4414-AAD2-FE03C9A8655F}.Release|Mixed Platforms.Build.0 = Release|x64
		{8F1C3E39-D6C6-4414-AAD2-FE03C9A8655F}.Release|Win32.ActiveCfg = Release|Win32
		{8F1C3E39-D6C6-4414-AAD2-FE03C9A8655F}.Release|Win32.Build.0 = Release|Win32
		{8F1C3E39-D6C6-4414-AAD2-FE03C9A8655F}.Release|x64.ActiveCfg = Release|Win32
		{05DE66AC-E55C-43B3-849F-7EC695D8B8D0}.Debug|Any CPU.ActiveCfg = Debug|x64
		{05DE66AC-E55C-43B3-849F-7EC695D8B8D0}.Debug|Itanium.ActiveCfg = Debug|x64
		{05DE66AC-E55C-43B3-849F-7EC695D8B8D0}.Debug|Mixed Platforms.ActiveCfg = Debug|x64
		{05DE66AC-E55C-43B3-849F-7EC695D8B8D0}.Debug|Mixed Platforms.Build.0 = Debug|x64
		{05DE66AC-E55C-43B3-849F-7EC695D8B8D0}.Debug|Win32.ActiveCfg = Debug|Win32
		{05DE66AC-E55C-43B3-849F-7EC695D8B8D0}.Debug|Win32.Build.0 = Debug|Win32
		{05DE66AC-E55C-43B3-849F-7EC695D8B8D0}.Debug|x64.ActiveCfg = Debug|Win32
		{05DE66AC-E55C-43B3-849F-7EC695D8B8D0}.Debug-MemCheck|Any CPU.ActiveCfg = Debug-MemCheck|x64
		{05DE66AC-E55C-43B3-849F-7EC695D8B8D0}.Debug-MemCheck|Itanium.ActiveCfg = Debug-MemCheck|x64
		{05DE66AC-E55C-43B3-849F-7EC695D8B8D0}.Debug-MemCheck|Mixed Platforms.ActiveCfg = Debug-MemCheck|x64
		{05DE66AC-E55C-43B3-849F-7EC695D8B8D0}.Debug-MemCheck|Mixed Platforms.Build.0 = Debug-MemCheck|x64
		{05DE66AC-E55C-43B3-849F-7EC695D8B8D0}.Debug-MemCheck|Win32.ActiveCfg = Debug-MemCheck|Win32
		{05DE66AC-E55C-43B3-849F-7EC695D8B8D0}.Debug-MemCheck|Win32.Build.0 = Debug-MemCheck|Win32
		{05DE66AC-E55C-43B3-849F-7EC695D8B8D0}.Debug-MemCheck|x64.ActiveCfg = Debug-MemCheck|x64
		{05DE66AC-E55C-43B3-849F-7EC695D8B8D0}.Debug-MemCheck|x64.Build.0 = Debug-MemCheck|x64
		{05DE66AC-E55C-43B3-849F-7EC695D8B8D0}.Distribution|Any CPU.ActiveCfg = Distribution|x64
		{05DE66AC-E55C-43B3-849F-7EC695D8B8D0}.Distribution|Itanium.ActiveCfg = Distribution|x64
		{05DE66AC-E55C-43B3-849F-7EC695D8B8D0}.Distribution|Mixed Platforms.ActiveCfg = Distribution|x64
		{05DE66AC-E55C-43B3-849F-7EC695D8B8D0}.Distribution|Mixed Platforms.Build.0 = Distribution|x64
		{05DE66AC-E55C-43B3-849F-7EC695D8B8D0}.Distribution|Win32.ActiveCfg = Distribution|Win32
		{05DE66AC-E55C-43B3-849F-7EC695D8B8D0}.Distribution|Win32.Build.0 = Distribution|Win32
		{05DE66AC-E55C-43B3-849F-7EC695D8B8D0}.Distribution|x64.ActiveCfg = Distribution|Win32
		{05DE66AC-E55C-43B3-849F-7EC695D8B8D0}.Nightly|Any CPU.ActiveCfg = Nightly|x64
		{05DE66AC-E55C-43B3-849F-7EC695D8B8D0}.Nightly|Itanium.ActiveCfg = Nightly|x64
		{05DE66AC-E55C-43B3-849F-7EC695D8B8D0}.Nightly|Mixed Platforms.ActiveCfg = Nightly|x64
		{05DE66AC-E55C-43B3-849F-7EC695D8B8D0}.Nightly|Mixed Platforms.Build.0 = Nightly|x64
		{05DE66AC-E55C-43B3-849F-7EC695D8B8D0}.Nightly|Win32.ActiveCfg = Nightly|Win32
		{05DE66AC-E55C-43B3-849F-7EC695D8B8D0}.Nightly|Win32.Build.0 = Nightly|Win32
		{05DE66AC-E55C-43B3-849F-7EC695D8B8D0}.Nightly|x64.ActiveCfg = Nightly|x64
		{05DE66AC-E55C-43B3-849F-7EC695D8B8D0}.Nightly|x64.Build.0 = Nightly|x64
		{05DE66AC-E55C-43B3-849F-7EC695D8B8D0}.Release|Any CPU.ActiveCfg = Release|x64
		{05DE66AC-E55C-43B3-849F-7EC695D8B8D0}.Release|Itanium.ActiveCfg = Release|x64
		{05DE66AC-E55C-43B3-849F-7EC695D8B8D0}.Release|Mixed Platforms.ActiveCfg = Release|x64
		{05DE66AC-E55C-43B3-849F-7EC695D8B8D0}.Release|Mixed Platforms.Build.0 = Release|x64
		{05DE66AC-E55C-43B3-849F-7EC695D8B8D0}.Release|Win32.ActiveCfg = Release|Win32
		{05DE66AC-E55C-43B3-849F-7EC695D8B8D0}.Release|Win32.Build.0 = Release|Win32
		{05DE66AC-E55C-43B3-849F-7EC695D8B8D0}.Release|x64.ActiveCfg = Release|Win32
		{626EB00E-A4D2-4B02-9BF4-4C655CA2B7E4}.Debug|Any CPU.ActiveCfg = Debug|x64
		{626EB00E-A4D2-4B02-9BF4-4C655CA2B7E4}.Debug|Itanium.ActiveCfg = Debug|x64
		{626EB00E-A4D2-4B02-9BF4-4C655CA2B7E4}.Debug|Mixed Platforms.ActiveCfg = Debug|x64
		{626EB00E-A4D2-4B02-9BF4-4C655CA2B7E4}.Debug|Mixed Platforms.Build.0 = Debug|x64
		{626EB00E-A4D2-4B02-9BF4-4C655CA2B7E4}.Debug|Win32.ActiveCfg = Debug|Win32
		{626EB00E-A4D2-4B02-9BF4-4C655CA2B7E4}.Debug|Win32.Build.0 = Debug|Win32
		{626EB00E-A4D2-4B02-9BF4-4C655CA2B7E4}.Debug|x64.ActiveCfg = Debug|x64
		{626EB00E-A4D2-4B02-9BF4-4C655CA2B7E4}.Debug|x64.Build.0 = Debug|x64
		{626EB00E-A4D2-4B02-9BF4-4C655CA2B7E4}.Debug-MemCheck|Any CPU.ActiveCfg = Debug-MemCheck|x64
		{626EB00E-A4D2-4B02-9BF4-4C655CA2B7E4}.Debug-MemCheck|Itanium.ActiveCfg = Debug-MemCheck|x64
		{626EB00E-A4D2-4B02-9BF4-4C655CA2B7E4}.Debug-MemCheck|Mixed Platforms.ActiveCfg = Debug-MemCheck|x64
		{626EB00E-A4D2-4B02-9BF4-4C655CA2B7E4}.Debug-MemCheck|Mixed Platforms.Build.0 = Debug-MemCheck|x64
		{626EB00E-A4D2-4B02-9BF4-4C655CA2B7E4}.Debug-MemCheck|Win32.ActiveCfg = Debug-MemCheck|Win32
		{626EB00E-A4D2-4B02-9BF4-4C655CA2B7E4}.Debug-MemCheck|Win32.Build.0 = Debug-MemCheck|Win32
		{626EB00E-A4D2-4B02-9BF4-4C655CA2B7E4}.Debug-MemCheck|x64.ActiveCfg = Debug-MemCheck|x64
		{626EB00E-A4D2-4B02-9BF4-4C655CA2B7E4}.Debug-MemCheck|x64.Build.0 = Debug-MemCheck|x64
		{626EB00E-A4D2-4B02-9BF4-4C655CA2B7E4}.Distribution|Any CPU.ActiveCfg = Distribution|x64
		{626EB00E-A4D2-4B02-9BF4-4C655CA2B7E4}.Distribution|Itanium.ActiveCfg = Distribution|x64
		{626EB00E-A4D2-4B02-9BF4-4C655CA2B7E4}.Distribution|Mixed Platforms.ActiveCfg = Distribution|x64
		{626EB00E-A4D2-4B02-9BF4-4C655CA2B7E4}.Distribution|Mixed Platforms.Build.0 = Distribution|x64
		{626EB00E-A4D2-4B02-9BF4-4C655CA2B7E4}.Distribution|Win32.ActiveCfg = Distribution|Win32
		{626EB00E-A4D2-4B02-9BF4-4C655CA2B7E4}.Distribution|Win32.Build.0 = Distribution|Win32
		{626EB00E-A4D2-4B02-9BF4-4C655CA2B7E4}.Distribution|x64.ActiveCfg = Distribution|x64
		{626EB00E-A4D2-4B02-9BF4-4C655CA2B7E4}.Distribution|x64.Build.0 = Distribution|x64
		{626EB00E-A4D2-4B02-9BF4-4C655CA2B7E4}.Nightly|Any CPU.ActiveCfg = Nightly|x64
		{626EB00E-A4D2-4B02-9BF4-4C655CA2B7E4}.Nightly|Itanium.ActiveCfg = Nightly|x64
		{626EB00E-A4D2-4B02-9BF4-4C655CA2B7E4}.Nightly|Mixed Platforms.ActiveCfg = Nightly|x64
		{626EB00E-A4D2-4B02-9BF4-4C655CA2B7E4}.Nightly|Mixed Platforms.Build.0 = Nightly|x64
		{626EB00E-A4D2-4B02-9BF4-4C655CA2B7E4}.Nightly|Win32.ActiveCfg = Nightly|Win32
		{626EB00E-A4D2-4B02-9BF4-4C655CA2B7E4}.Nightly|Win32.Build.0 = Nightly|Win32
		{626EB00E-A4D2-4B02-9BF4-4C655CA2B7E4}.Nightly|x64.ActiveCfg = Nightly|x64
		{626EB00E-A4D2-4B02-9BF4-4C655CA2B7E4}.Nightly|x64.Build.0 = Nightly|x64
		{626EB00E-A4D2-4B02-9BF4-4C655CA2B7E4}.Release|Any CPU.ActiveCfg = Release|x64
		{626EB00E-A4D2-4B02-9BF4-4C655CA2B7E4}.Release|Itanium.ActiveCfg = Release|x64
		{626EB00E-A4D2-4B02-9BF4-4C655CA2B7E4}.Release|Mixed Platforms.ActiveCfg = Release|x64
		{626EB00E-A4D2-4B02-9BF4-4C655CA2B7E4}.Release|Mixed Platforms.Build.0 = Release|x64
		{626EB00E-A4D2-4B02-9BF4-4C655CA2B7E4}.Release|Win32.ActiveCfg = Release|Win32
		{626EB00E-A4D2-4B02-9BF4-4C655CA2B7E4}.Release|Win32.Build.0 = Release|Win32
		{626EB00E-A4D2-4B02-9BF4-4C655CA2B7E4}.Release|x64.ActiveCfg = Release|x64
		{626EB00E-A4D2-4B02-9BF4-4C655CA2B7E4}.Release|x64.Build.0 = Release|x64
		{0E2B21D9-F432-4127-8E92-7716B1072510}.Debug|Any CPU.ActiveCfg = Debug|Any CPU
		{0E2B21D9-F432-4127-8E92-7716B1072510}.Debug|Any CPU.Build.0 = Debug|Any CPU
		{0E2B21D9-F432-4127-8E92-7716B1072510}.Debug|Itanium.ActiveCfg = Debug|Any CPU
		{0E2B21D9-F432-4127-8E92-7716B1072510}.Debug|Mixed Platforms.ActiveCfg = Debug|Any CPU
		{0E2B21D9-F432-4127-8E92-7716B1072510}.Debug|Mixed Platforms.Build.0 = Debug|Any CPU
		{0E2B21D9-F432-4127-8E92-7716B1072510}.Debug|Win32.ActiveCfg = Debug|Any CPU
		{0E2B21D9-F432-4127-8E92-7716B1072510}.Debug|x64.ActiveCfg = Debug|Any CPU
		{0E2B21D9-F432-4127-8E92-7716B1072510}.Debug-MemCheck|Any CPU.ActiveCfg = Debug-MemCheck|Any CPU
		{0E2B21D9-F432-4127-8E92-7716B1072510}.Debug-MemCheck|Any CPU.Build.0 = Debug-MemCheck|Any CPU
		{0E2B21D9-F432-4127-8E92-7716B1072510}.Debug-MemCheck|Itanium.ActiveCfg = Debug-MemCheck|Any CPU
		{0E2B21D9-F432-4127-8E92-7716B1072510}.Debug-MemCheck|Mixed Platforms.ActiveCfg = Debug-MemCheck|Any CPU
		{0E2B21D9-F432-4127-8E92-7716B1072510}.Debug-MemCheck|Mixed Platforms.Build.0 = Debug-MemCheck|Any CPU
		{0E2B21D9-F432-4127-8E92-7716B1072510}.Debug-MemCheck|Win32.ActiveCfg = Debug-MemCheck|Any CPU
		{0E2B21D9-F432-4127-8E92-7716B1072510}.Debug-MemCheck|x64.ActiveCfg = Debug-MemCheck|Any CPU
		{0E2B21D9-F432-4127-8E92-7716B1072510}.Distribution|Any CPU.ActiveCfg = Debug-MemCheck|Any CPU
		{0E2B21D9-F432-4127-8E92-7716B1072510}.Distribution|Any CPU.Build.0 = Debug-MemCheck|Any CPU
		{0E2B21D9-F432-4127-8E92-7716B1072510}.Distribution|Itanium.ActiveCfg = Debug-MemCheck|Any CPU
		{0E2B21D9-F432-4127-8E92-7716B1072510}.Distribution|Mixed Platforms.ActiveCfg = Debug-MemCheck|Any CPU
		{0E2B21D9-F432-4127-8E92-7716B1072510}.Distribution|Mixed Platforms.Build.0 = Debug-MemCheck|Any CPU
		{0E2B21D9-F432-4127-8E92-7716B1072510}.Distribution|Win32.ActiveCfg = Debug-MemCheck|Any CPU
		{0E2B21D9-F432-4127-8E92-7716B1072510}.Distribution|x64.ActiveCfg = Debug-MemCheck|Any CPU
		{0E2B21D9-F432-4127-8E92-7716B1072510}.Nightly|Any CPU.ActiveCfg = Debug-MemCheck|Any CPU
		{0E2B21D9-F432-4127-8E92-7716B1072510}.Nightly|Any CPU.Build.0 = Debug-MemCheck|Any CPU
		{0E2B21D9-F432-4127-8E92-7716B1072510}.Nightly|Itanium.ActiveCfg = Debug-MemCheck|Any CPU
		{0E2B21D9-F432-4127-8E92-7716B1072510}.Nightly|Mixed Platforms.ActiveCfg = Debug-MemCheck|Any CPU
		{0E2B21D9-F432-4127-8E92-7716B1072510}.Nightly|Mixed Platforms.Build.0 = Debug-MemCheck|Any CPU
		{0E2B21D9-F432-4127-8E92-7716B1072510}.Nightly|Win32.ActiveCfg = Debug-MemCheck|Any CPU
		{0E2B21D9-F432-4127-8E92-7716B1072510}.Nightly|x64.ActiveCfg = Debug-MemCheck|Any CPU
		{0E2B21D9-F432-4127-8E92-7716B1072510}.Release|Any CPU.ActiveCfg = Release|Any CPU
		{0E2B21D9-F432-4127-8E92-7716B1072510}.Release|Any CPU.Build.0 = Release|Any CPU
		{0E2B21D9-F432-4127-8E92-7716B1072510}.Release|Itanium.ActiveCfg = Release|Any CPU
		{0E2B21D9-F432-4127-8E92-7716B1072510}.Release|Mixed Platforms.ActiveCfg = Release|Any CPU
		{0E2B21D9-F432-4127-8E92-7716B1072510}.Release|Mixed Platforms.Build.0 = Release|Any CPU
		{0E2B21D9-F432-4127-8E92-7716B1072510}.Release|Win32.ActiveCfg = Release|Any CPU
		{0E2B21D9-F432-4127-8E92-7716B1072510}.Release|x64.ActiveCfg = Release|Any CPU
		{6F55C9BF-57F6-4A15-A058-C83A52F539EE}.Debug|Any CPU.ActiveCfg = Debug|x64
		{6F55C9BF-57F6-4A15-A058-C83A52F539EE}.Debug|Itanium.ActiveCfg = Debug|x64
		{6F55C9BF-57F6-4A15-A058-C83A52F539EE}.Debug|Mixed Platforms.ActiveCfg = Debug|x64
		{6F55C9BF-57F6-4A15-A058-C83A52F539EE}.Debug|Mixed Platforms.Build.0 = Debug|x64
		{6F55C9BF-57F6-4A15-A058-C83A52F539EE}.Debug|Win32.ActiveCfg = Debug|Win32
		{6F55C9BF-57F6-4A15-A058-C83A52F539EE}.Debug|Win32.Build.0 = Debug|Win32
		{6F55C9BF-57F6-4A15-A058-C83A52F539EE}.Debug|x64.ActiveCfg = Debug|x64
		{6F55C9BF-57F6-4A15-A058-C83A52F539EE}.Debug|x64.Build.0 = Debug|x64
		{6F55C9BF-57F6-4A15-A058-C83A52F539EE}.Debug-MemCheck|Any CPU.ActiveCfg = Debug-MemCheck|x64
		{6F55C9BF-57F6-4A15-A058-C83A52F539EE}.Debug-MemCheck|Itanium.ActiveCfg = Debug-MemCheck|x64
		{6F55C9BF-57F6-4A15-A058-C83A52F539EE}.Debug-MemCheck|Mixed Platforms.ActiveCfg = Debug-MemCheck|x64
		{6F55C9BF-57F6-4A15-A058-C83A52F539EE}.Debug-MemCheck|Mixed Platforms.Build.0 = Debug-MemCheck|x64
		{6F55C9BF-57F6-4A15-A058-C83A52F539EE}.Debug-MemCheck|Win32.ActiveCfg = Debug-MemCheck|Win32
		{6F55C9BF-57F6-4A15-A058-C83A52F539EE}.Debug-MemCheck|Win32.Build.0 = Debug-MemCheck|Win32
		{6F55C9BF-57F6-4A15-A058-C83A52F539EE}.Debug-MemCheck|x64.ActiveCfg = Debug-MemCheck|x64
		{6F55C9BF-57F6-4A15-A058-C83A52F539EE}.Debug-MemCheck|x64.Build.0 = Debug-MemCheck|x64
		{6F55C9BF-57F6-4A15-A058-C83A52F539EE}.Distribution|Any CPU.ActiveCfg = Distribution|x64
		{6F55C9BF-57F6-4A15-A058-C83A52F539EE}.Distribution|Itanium.ActiveCfg = Distribution|x64
		{6F55C9BF-57F6-4A15-A058-C83A52F539EE}.Distribution|Mixed Platforms.ActiveCfg = Distribution|x64
		{6F55C9BF-57F6-4A15-A058-C83A52F539EE}.Distribution|Mixed Platforms.Build.0 = Distribution|x64
		{6F55C9BF-57F6-4A15-A058-C83A52F539EE}.Distribution|Win32.ActiveCfg = Distribution|Win32
		{6F55C9BF-57F6-4A15-A058-C83A52F539EE}.Distribution|Win32.Build.0 = Distribution|Win32
		{6F55C9BF-57F6-4A15-A058-C83A52F539EE}.Distribution|x64.ActiveCfg = Distribution|x64
		{6F55C9BF-57F6-4A15-A058-C83A52F539EE}.Distribution|x64.Build.0 = Distribution|x64
		{6F55C9BF-57F6-4A15-A058-C83A52F539EE}.Nightly|Any CPU.ActiveCfg = Nightly|x64
		{6F55C9BF-57F6-4A15-A058-C83A52F539EE}.Nightly|Itanium.ActiveCfg = Nightly|x64
		{6F55C9BF-57F6-4A15-A058-C83A52F539EE}.Nightly|Mixed Platforms.ActiveCfg = Nightly|x64
		{6F55C9BF-57F6-4A15-A058-C83A52F539EE}.Nightly|Mixed Platforms.Build.0 = Nightly|x64
		{6F55C9BF-57F6-4A15-A058-C83A52F539EE}.Nightly|Win32.ActiveCfg = Nightly|Win32
		{6F55C9BF-57F6-4A15-A058-C83A52F539EE}.Nightly|Win32.Build.0 = Nightly|Win32
		{6F55C9BF-57F6-4A15-A058-C83A52F539EE}.Nightly|x64.ActiveCfg = Nightly|x64
		{6F55C9BF-57F6-4A15-A058-C83A52F539EE}.Nightly|x64.Build.0 = Nightly|x64
		{6F55C9BF-57F6-4A15-A058-C83A52F539EE}.Release|Any CPU.ActiveCfg = Release|x64
		{6F55C9BF-57F6-4A15-A058-C83A52F539EE}.Release|Itanium.ActiveCfg = Release|x64
		{6F55C9BF-57F6-4A15-A058-C83A52F539EE}.Release|Mixed Platforms.ActiveCfg = Release|x64
		{6F55C9BF-57F6-4A15-A058-C83A52F539EE}.Release|Mixed Platforms.Build.0 = Release|x64
		{6F55C9BF-57F6-4A15-A058-C83A52F539EE}.Release|Win32.ActiveCfg = Release|Win32
		{6F55C9BF-57F6-4A15-A058-C83A52F539EE}.Release|Win32.Build.0 = Release|Win32
		{6F55C9BF-57F6-4A15-A058-C83A52F539EE}.Release|x64.ActiveCfg = Release|x64
		{6F55C9BF-57F6-4A15-A058-C83A52F539EE}.Release|x64.Build.0 = Release|x64
		{26B84883-BE52-40E6-9BEE-55AD056D5751}.Debug|Any CPU.ActiveCfg = Debug|x64
		{26B84883-BE52-40E6-9BEE-55AD056D5751}.Debug|Itanium.ActiveCfg = Debug|x64
		{26B84883-BE52-40E6-9BEE-55AD056D5751}.Debug|Mixed Platforms.ActiveCfg = Debug|x64
		{26B84883-BE52-40E6-9BEE-55AD056D5751}.Debug|Mixed Platforms.Build.0 = Debug|x64
		{26B84883-BE52-40E6-9BEE-55AD056D5751}.Debug|Win32.ActiveCfg = Debug|Win32
		{26B84883-BE52-40E6-9BEE-55AD056D5751}.Debug|Win32.Build.0 = Debug|Win32
		{26B84883-BE52-40E6-9BEE-55AD056D5751}.Debug|x64.ActiveCfg = Debug|x64
		{26B84883-BE52-40E6-9BEE-55AD056D5751}.Debug|x64.Build.0 = Debug|x64
		{26B84883-BE52-40E6-9BEE-55AD056D5751}.Debug-MemCheck|Any CPU.ActiveCfg = Debug-MemCheck|x64
		{26B84883-BE52-40E6-9BEE-55AD056D5751}.Debug-MemCheck|Itanium.ActiveCfg = Debug-MemCheck|x64
		{26B84883-BE52-40E6-9BEE-55AD056D5751}.Debug-MemCheck|Mixed Platforms.ActiveCfg = Debug-MemCheck|x64
		{26B84883-BE52-40E6-9BEE-55AD056D5751}.Debug-MemCheck|Mixed Platforms.Build.0 = Debug-MemCheck|x64
		{26B84883-BE52-40E6-9BEE-55AD056D5751}.Debug-MemCheck|Win32.ActiveCfg = Debug-MemCheck|Win32
		{26B84883-BE52-40E6-9BEE-55AD056D5751}.Debug-MemCheck|Win32.Build.0 = Debug-MemCheck|Win32
		{26B84883-BE52-40E6-9BEE-55AD056D5751}.Debug-MemCheck|x64.ActiveCfg = Debug-MemCheck|x64
		{26B84883-BE52-40E6-9BEE-55AD056D5751}.Debug-MemCheck|x64.Build.0 = Debug-MemCheck|x64
		{26B84883-BE52-40E6-9BEE-55AD056D5751}.Distribution|Any CPU.ActiveCfg = Distribution|x64
		{26B84883-BE52-40E6-9BEE-55AD056D5751}.Distribution|Itanium.ActiveCfg = Distribution|x64
		{26B84883-BE52-40E6-9BEE-55AD056D5751}.Distribution|Mixed Platforms.ActiveCfg = Distribution|x64
		{26B84883-BE52-40E6-9BEE-55AD056D5751}.Distribution|Mixed Platforms.Build.0 = Distribution|x64
		{26B84883-BE52-40E6-9BEE-55AD056D5751}.Distribution|Win32.ActiveCfg = Distribution|Win32
		{26B84883-BE52-40E6-9BEE-55AD056D5751}.Distribution|Win32.Build.0 = Distribution|Win32
		{26B84883-BE52-40E6-9BEE-55AD056D5751}.Distribution|x64.ActiveCfg = Distribution|x64
		{26B84883-BE52-40E6-9BEE-55AD056D5751}.Distribution|x64.Build.0 = Distribution|x64
		{26B84883-BE52-40E6-9BEE-55AD056D5751}.Nightly|Any CPU.ActiveCfg = Nightly|x64
		{26B84883-BE52-40E6-9BEE-55AD056D5751}.Nightly|Itanium.ActiveCfg = Nightly|x64
		{26B84883-BE52-40E6-9BEE-55AD056D5751}.Nightly|Mixed Platforms.ActiveCfg = Nightly|x64
		{26B84883-BE52-40E6-9BEE-55AD056D5751}.Nightly|Mixed Platforms.Build.0 = Nightly|x64
		{26B84883-BE52-40E6-9BEE-55AD056D5751}.Nightly|Win32.ActiveCfg = Nightly|Win32
		{26B84883-BE52-40E6-9BEE-55AD056D5751}.Nightly|Win32.Build.0 = Nightly|Win32
		{26B84883-BE52-40E6-9BEE-55AD056D5751}.Nightly|x64.ActiveCfg = Nightly|x64
		{26B84883-BE52-40E6-9BEE-55AD056D5751}.Nightly|x64.Build.0 = Nightly|x64
		{26B84883-BE52-40E6-9BEE-55AD056D5751}.Release|Any CPU.ActiveCfg = Release|x64
		{26B84883-BE52-40E6-9BEE-55AD056D5751}.Release|Itanium.ActiveCfg = Release|x64
		{26B84883-BE52-40E6-9BEE-55AD056D5751}.Release|Mixed Platforms.ActiveCfg = Release|x64
		{26B84883-BE52-40E6-9BEE-55AD056D5751}.Release|Mixed Platforms.Build.0 = Release|x64
		{26B84883-BE52-40E6-9BEE-55AD056D5751}.Release|Win32.ActiveCfg = Release|Win32
		{26B84883-BE52-40E6-9BEE-55AD056D5751}.Release|Win32.Build.0 = Release|Win32
		{26B84883-BE52-40E6-9BEE-55AD056D5751}.Release|x64.ActiveCfg = Release|x64
		{26B84883-BE52-40E6-9BEE-55AD056D5751}.Release|x64.Build.0 = Release|x64
		{0BEEC749-0E3E-4FB2-82DA-AC8D4730A129}.Debug|Any CPU.ActiveCfg = Debug|x64
		{0BEEC749-0E3E-4FB2-82DA-AC8D4730A129}.Debug|Itanium.ActiveCfg = Debug|x64
		{0BEEC749-0E3E-4FB2-82DA-AC8D4730A129}.Debug|Mixed Platforms.ActiveCfg = Debug|x64
		{0BEEC749-0E3E-4FB2-82DA-AC8D4730A129}.Debug|Mixed Platforms.Build.0 = Debug|x64
		{0BEEC749-0E3E-4FB2-82DA-AC8D4730A129}.Debug|Win32.ActiveCfg = Debug|Win32
		{0BEEC749-0E3E-4FB2-82DA-AC8D4730A129}.Debug|Win32.Build.0 = Debug|Win32
		{0BEEC749-0E3E-4FB2-82DA-AC8D4730A129}.Debug|x64.ActiveCfg = Debug|x64
		{0BEEC749-0E3E-4FB2-82DA-AC8D4730A129}.Debug|x64.Build.0 = Debug|x64
		{0BEEC749-0E3E-4FB2-82DA-AC8D4730A129}.Debug-MemCheck|Any CPU.ActiveCfg = Debug-MemCheck|x64
		{0BEEC749-0E3E-4FB2-82DA-AC8D4730A129}.Debug-MemCheck|Itanium.ActiveCfg = Debug-MemCheck|x64
		{0BEEC749-0E3E-4FB2-82DA-AC8D4730A129}.Debug-MemCheck|Mixed Platforms.ActiveCfg = Debug-MemCheck|x64
		{0BEEC749-0E3E-4FB2-82DA-AC8D4730A129}.Debug-MemCheck|Mixed Platforms.Build.0 = Debug-MemCheck|x64
		{0BEEC749-0E3E-4FB2-82DA-AC8D4730A129}.Debug-MemCheck|Win32.ActiveCfg = Debug-MemCheck|Win32
		{0BEEC749-0E3E-4FB2-82DA-AC8D4730A129}.Debug-MemCheck|Win32.Build.0 = Debug-MemCheck|Win32
		{0BEEC749-0E3E-4FB2-82DA-AC8D4730A129}.Debug-MemCheck|x64.ActiveCfg = Debug-MemCheck|x64
		{0BEEC749-0E3E-4FB2-82DA-AC8D4730A129}.Debug-MemCheck|x64.Build.0 = Debug-MemCheck|x64
		{0BEEC749-0E3E-4FB2-82DA-AC8D4730A129}.Distribution|Any CPU.ActiveCfg = Distribution|x64
		{0BEEC749-0E3E-4FB2-82DA-AC8D4730A129}.Distribution|Itanium.ActiveCfg = Distribution|x64
		{0BEEC749-0E3E-4FB2-82DA-AC8D4730A129}.Distribution|Mixed Platforms.ActiveCfg = Distribution|x64
		{0BEEC749-0E3E-4FB2-82DA-AC8D4730A129}.Distribution|Mixed Platforms.Build.0 = Distribution|x64
		{0BEEC749-0E3E-4FB2-82DA-AC8D4730A129}.Distribution|Win32.ActiveCfg = Distribution|Win32
		{0BEEC749-0E3E-4FB2-82DA-AC8D4730A129}.Distribution|Win32.Build.0 = Distribution|Win32
		{0BEEC749-0E3E-4FB2-82DA-AC8D4730A129}.Distribution|x64.ActiveCfg = Distribution|x64
		{0BEEC749-0E3E-4FB2-82DA-AC8D4730A129}.Distribution|x64.Build.0 = Distribution|x64
		{0BEEC749-0E3E-4FB2-82DA-AC8D4730A129}.Nightly|Any CPU.ActiveCfg = Nightly|x64
		{0BEEC749-0E3E-4FB2-82DA-AC8D4730A129}.Nightly|Itanium.ActiveCfg = Nightly|x64
		{0BEEC749-0E3E-4FB2-82DA-AC8D4730A129}.Nightly|Mixed Platforms.ActiveCfg = Nightly|x64
		{0BEEC749-0E3E-4FB2-82DA-AC8D4730A129}.Nightly|Mixed Platforms.Build.0 = Nightly|x64
		{0BEEC749-0E3E-4FB2-82DA-AC8D4730A129}.Nightly|Win32.ActiveCfg = Nightly|Win32
		{0BEEC749-0E3E-4FB2-82DA-AC8D4730A129}.Nightly|Win32.Build.0 = Nightly|Win32
		{0BEEC749-0E3E-4FB2-82DA-AC8D4730A129}.Nightly|x64.ActiveCfg = Nightly|x64
		{0BEEC749-0E3E-4FB2-82DA-AC8D4730A129}.Nightly|x64.Build.0 = Nightly|x64
		{0BEEC749-0E3E-4FB2-82DA-AC8D4730A129}.Release|Any CPU.ActiveCfg = Release|x64
		{0BEEC749-0E3E-4FB2-82DA-AC8D4730A129}.Release|Itanium.ActiveCfg = Release|x64
		{0BEEC749-0E3E-4FB2-82DA-AC8D4730A129}.Release|Mixed Platforms.ActiveCfg = Release|x64
		{0BEEC749-0E3E-4FB2-82DA-AC8D4730A129}.Release|Mixed Platforms.Build.0 = Release|x64
		{0BEEC749-0E3E-4FB2-82DA-AC8D4730A129}.Release|Win32.ActiveCfg = Release|Win32
		{0BEEC749-0E3E-4FB2-82DA-AC8D4730A129}.Release|Win32.Build.0 = Release|Win32
		{0BEEC749-0E3E-4FB2-82DA-AC8D4730A129}.Release|x64.ActiveCfg = Release|x64
		{0BEEC749-0E3E-4FB2-82DA-AC8D4730A129}.Release|x64.Build.0 = Release|x64
		{4241C6CF-EC01-4AD9-89B0-B75EBA8A5996}.Debug|Any CPU.ActiveCfg = Debug|x64
		{4241C6CF-EC01-4AD9-89B0-B75EBA8A5996}.Debug|Itanium.ActiveCfg = Debug|x64
		{4241C6CF-EC01-4AD9-89B0-B75EBA8A5996}.Debug|Mixed Platforms.ActiveCfg = Debug|x64
		{4241C6CF-EC01-4AD9-89B0-B75EBA8A5996}.Debug|Mixed Platforms.Build.0 = Debug|x64
		{4241C6CF-EC01-4AD9-89B0-B75EBA8A5996}.Debug|Win32.ActiveCfg = Debug|Win32
		{4241C6CF-EC01-4AD9-89B0-B75EBA8A5996}.Debug|Win32.Build.0 = Debug|Win32
		{4241C6CF-EC01-4AD9-89B0-B75EBA8A5996}.Debug|x64.ActiveCfg = Debug|x64
		{4241C6CF-EC01-4AD9-89B0-B75EBA8A5996}.Debug|x64.Build.0 = Debug|x64
		{4241C6CF-EC01-4AD9-89B0-B75EBA8A5996}.Debug-MemCheck|Any CPU.ActiveCfg = Debug-MemCheck|x64
		{4241C6CF-EC01-4AD9-89B0-B75EBA8A5996}.Debug-MemCheck|Itanium.ActiveCfg = Debug-MemCheck|x64
		{4241C6CF-EC01-4AD9-89B0-B75EBA8A5996}.Debug-MemCheck|Mixed Platforms.ActiveCfg = Debug-MemCheck|x64
		{4241C6CF-EC01-4AD9-89B0-B75EBA8A5996}.Debug-MemCheck|Mixed Platforms.Build.0 = Debug-MemCheck|x64
		{4241C6CF-EC01-4AD9-89B0-B75EBA8A5996}.Debug-MemCheck|Win32.ActiveCfg = Debug-MemCheck|Win32
		{4241C6CF-EC01-4AD9-89B0-B75EBA8A5996}.Debug-MemCheck|Win32.Build.0 = Debug-MemCheck|Win32
		{4241C6CF-EC01-4AD9-89B0-B75EBA8A5996}.Debug-MemCheck|x64.ActiveCfg = Debug-MemCheck|x64
		{4241C6CF-EC01-4AD9-89B0-B75EBA8A5996}.Debug-MemCheck|x64.Build.0 = Debug-MemCheck|x64
		{4241C6CF-EC01-4AD9-89B0-B75EBA8A5996}.Distribution|Any CPU.ActiveCfg = Distribution|x64
		{4241C6CF-EC01-4AD9-89B0-B75EBA8A5996}.Distribution|Itanium.ActiveCfg = Distribution|x64
		{4241C6CF-EC01-4AD9-89B0-B75EBA8A5996}.Distribution|Mixed Platforms.ActiveCfg = Distribution|x64
		{4241C6CF-EC01-4AD9-89B0-B75EBA8A5996}.Distribution|Mixed Platforms.Build.0 = Distribution|x64
		{4241C6CF-EC01-4AD9-89B0-B75EBA8A5996}.Distribution|Win32.ActiveCfg = Distribution|Win32
		{4241C6CF-EC01-4AD9-89B0-B75EBA8A5996}.Distribution|Win32.Build.0 = Distribution|Win32
		{4241C6CF-EC01-4AD9-89B0-B75EBA8A5996}.Distribution|x64.ActiveCfg = Distribution|x64
		{4241C6CF-EC01-4AD9-89B0-B75EBA8A5996}.Distribution|x64.Build.0 = Distribution|x64
		{4241C6CF-EC01-4AD9-89B0-B75EBA8A5996}.Nightly|Any CPU.ActiveCfg = Nightly|x64
		{4241C6CF-EC01-4AD9-89B0-B75EBA8A5996}.Nightly|Itanium.ActiveCfg = Nightly|x64
		{4241C6CF-EC01-4AD9-89B0-B75EBA8A5996}.Nightly|Mixed Platforms.ActiveCfg = Nightly|x64
		{4241C6CF-EC01-4AD9-89B0-B75EBA8A5996}.Nightly|Mixed Platforms.Build.0 = Nightly|x64
		{4241C6CF-EC01-4AD9-89B0-B75EBA8A5996}.Nightly|Win32.ActiveCfg = Nightly|Win32
		{4241C6CF-EC01-4AD9-89B0-B75EBA8A5996}.Nightly|Win32.Build.0 = Nightly|Win32
		{4241C6CF-EC01-4AD9-89B0-B75EBA8A5996}.Nightly|x64.ActiveCfg = Nightly|x64
		{4241C6CF-EC01-4AD9-89B0-B75EBA8A5996}.Nightly|x64.Build.0 = Nightly|x64
		{4241C6CF-EC01-4AD9-89B0-B75EBA8A5996}.Release|Any CPU.ActiveCfg = Release|x64
		{4241C6CF-EC01-4AD9-89B0-B75EBA8A5996}.Release|Itanium.ActiveCfg = Release|x64
		{4241C6CF-EC01-4AD9-89B0-B75EBA8A5996}.Release|Mixed Platforms.ActiveCfg = Release|x64
		{4241C6CF-EC01-4AD9-89B0-B75EBA8A5996}.Release|Mixed Platforms.Build.0 = Release|x64
		{4241C6CF-EC01-4AD9-89B0-B75EBA8A5996}.Release|Win32.ActiveCfg = Release|Win32
		{4241C6CF-EC01-4AD9-89B0-B75EBA8A5996}.Release|Win32.Build.0 = Release|Win32
		{4241C6CF-EC01-4AD9-89B0-B75EBA8A5996}.Release|x64.ActiveCfg = Release|x64
		{4241C6CF-EC01-4AD9-89B0-B75EBA8A5996}.Release|x64.Build.0 = Release|x64
		{630857C0-6AD8-4CEE-B5F7-CA1DF620CA9A}.Debug|Any CPU.ActiveCfg = Debug|x64
		{630857C0-6AD8-4CEE-B5F7-CA1DF620CA9A}.Debug|Itanium.ActiveCfg = Debug|x64
		{630857C0-6AD8-4CEE-B5F7-CA1DF620CA9A}.Debug|Mixed Platforms.ActiveCfg = Debug|x64
		{630857C0-6AD8-4CEE-B5F7-CA1DF620CA9A}.Debug|Mixed Platforms.Build.0 = Debug|x64
		{630857C0-6AD8-4CEE-B5F7-CA1DF620CA9A}.Debug|Win32.ActiveCfg = Debug|Win32
		{630857C0-6AD8-4CEE-B5F7-CA1DF620CA9A}.Debug|Win32.Build.0 = Debug|Win32
		{630857C0-6AD8-4CEE-B5F7-CA1DF620CA9A}.Debug|x64.ActiveCfg = Debug|x64
		{630857C0-6AD8-4CEE-B5F7-CA1DF620CA9A}.Debug|x64.Build.0 = Debug|x64
		{630857C0-6AD8-4CEE-B5F7-CA1DF620CA9A}.Debug-MemCheck|Any CPU.ActiveCfg = Debug|x64
		{630857C0-6AD8-4CEE-B5F7-CA1DF620CA9A}.Debug-MemCheck|Itanium.ActiveCfg = Debug|x64
		{630857C0-6AD8-4CEE-B5F7-CA1DF620CA9A}.Debug-MemCheck|Mixed Platforms.ActiveCfg = Debug|x64
		{630857C0-6AD8-4CEE-B5F7-CA1DF620CA9A}.Debug-MemCheck|Mixed Platforms.Build.0 = Debug|x64
		{630857C0-6AD8-4CEE-B5F7-CA1DF620CA9A}.Debug-MemCheck|Win32.ActiveCfg = Debug|x64
		{630857C0-6AD8-4CEE-B5F7-CA1DF620CA9A}.Debug-MemCheck|x64.ActiveCfg = Debug|x64
		{630857C0-6AD8-4CEE-B5F7-CA1DF620CA9A}.Debug-MemCheck|x64.Build.0 = Debug|x64
		{630857C0-6AD8-4CEE-B5F7-CA1DF620CA9A}.Distribution|Any CPU.ActiveCfg = Debug|x64
		{630857C0-6AD8-4CEE-B5F7-CA1DF620CA9A}.Distribution|Itanium.ActiveCfg = Debug|x64
		{630857C0-6AD8-4CEE-B5F7-CA1DF620CA9A}.Distribution|Mixed Platforms.ActiveCfg = Debug|x64
		{630857C0-6AD8-4CEE-B5F7-CA1DF620CA9A}.Distribution|Mixed Platforms.Build.0 = Debug|x64
		{630857C0-6AD8-4CEE-B5F7-CA1DF620CA9A}.Distribution|Win32.ActiveCfg = Debug|x64
		{630857C0-6AD8-4CEE-B5F7-CA1DF620CA9A}.Distribution|x64.ActiveCfg = Debug|x64
		{630857C0-6AD8-4CEE-B5F7-CA1DF620CA9A}.Distribution|x64.Build.0 = Debug|x64
		{630857C0-6AD8-4CEE-B5F7-CA1DF620CA9A}.Nightly|Any CPU.ActiveCfg = Nightly|x64
		{630857C0-6AD8-4CEE-B5F7-CA1DF620CA9A}.Nightly|Itanium.ActiveCfg = Nightly|x64
		{630857C0-6AD8-4CEE-B5F7-CA1DF620CA9A}.Nightly|Mixed Platforms.ActiveCfg = Nightly|x64
		{630857C0-6AD8-4CEE-B5F7-CA1DF620CA9A}.Nightly|Mixed Platforms.Build.0 = Nightly|x64
		{630857C0-6AD8-4CEE-B5F7-CA1DF620CA9A}.Nightly|Win32.ActiveCfg = Nightly|Win32
		{630857C0-6AD8-4CEE-B5F7-CA1DF620CA9A}.Nightly|Win32.Build.0 = Nightly|Win32
		{630857C0-6AD8-4CEE-B5F7-CA1DF620CA9A}.Nightly|x64.ActiveCfg = Nightly|x64
		{630857C0-6AD8-4CEE-B5F7-CA1DF620CA9A}.Nightly|x64.Build.0 = Nightly|x64
		{630857C0-6AD8-4CEE-B5F7-CA1DF620CA9A}.Release|Any CPU.ActiveCfg = Release|x64
		{630857C0-6AD8-4CEE-B5F7-CA1DF620CA9A}.Release|Itanium.ActiveCfg = Release|x64
		{630857C0-6AD8-4CEE-B5F7-CA1DF620CA9A}.Release|Mixed Platforms.ActiveCfg = Release|x64
		{630857C0-6AD8-4CEE-B5F7-CA1DF620CA9A}.Release|Mixed Platforms.Build.0 = Release|x64
		{630857C0-6AD8-4CEE-B5F7-CA1DF620CA9A}.Release|Win32.ActiveCfg = Release|Win32
		{630857C0-6AD8-4CEE-B5F7-CA1DF620CA9A}.Release|Win32.Build.0 = Release|Win32
		{630857C0-6AD8-4CEE-B5F7-CA1DF620CA9A}.Release|x64.ActiveCfg = Release|x64
		{630857C0-6AD8-4CEE-B5F7-CA1DF620CA9A}.Release|x64.Build.0 = Release|x64
		{B6D08289-B8AE-4391-9D07-93B22618BE58}.Debug|Any CPU.ActiveCfg = Debug|x64
		{B6D08289-B8AE-4391-9D07-93B22618BE58}.Debug|Itanium.ActiveCfg = Debug|x64
		{B6D08289-B8AE-4391-9D07-93B22618BE58}.Debug|Mixed Platforms.ActiveCfg = Debug|x64
		{B6D08289-B8AE-4391-9D07-93B22618BE58}.Debug|Mixed Platforms.Build.0 = Debug|x64
		{B6D08289-B8AE-4391-9D07-93B22618BE58}.Debug|Win32.ActiveCfg = Debug|Win32
		{B6D08289-B8AE-4391-9D07-93B22618BE58}.Debug|Win32.Build.0 = Debug|Win32
		{B6D08289-B8AE-4391-9D07-93B22618BE58}.Debug|x64.ActiveCfg = Debug|x64
		{B6D08289-B8AE-4391-9D07-93B22618BE58}.Debug|x64.Build.0 = Debug|x64
		{B6D08289-B8AE-4391-9D07-93B22618BE58}.Debug-MemCheck|Any CPU.ActiveCfg = Debug|x64
		{B6D08289-B8AE-4391-9D07-93B22618BE58}.Debug-MemCheck|Itanium.ActiveCfg = Debug|x64
		{B6D08289-B8AE-4391-9D07-93B22618BE58}.Debug-MemCheck|Mixed Platforms.ActiveCfg = Debug|x64
		{B6D08289-B8AE-4391-9D07-93B22618BE58}.Debug-MemCheck|Mixed Platforms.Build.0 = Debug|x64
		{B6D08289-B8AE-4391-9D07-93B22618BE58}.Debug-MemCheck|Win32.ActiveCfg = Debug|x64
		{B6D08289-B8AE-4391-9D07-93B22618BE58}.Debug-MemCheck|x64.ActiveCfg = Debug|x64
		{B6D08289-B8AE-4391-9D07-93B22618BE58}.Debug-MemCheck|x64.Build.0 = Debug|x64
		{B6D08289-B8AE-4391-9D07-93B22618BE58}.Distribution|Any CPU.ActiveCfg = Debug|x64
		{B6D08289-B8AE-4391-9D07-93B22618BE58}.Distribution|Itanium.ActiveCfg = Debug|x64
		{B6D08289-B8AE-4391-9D07-93B22618BE58}.Distribution|Mixed Platforms.ActiveCfg = Debug|x64
		{B6D08289-B8AE-4391-9D07-93B22618BE58}.Distribution|Mixed Platforms.Build.0 = Debug|x64
		{B6D08289-B8AE-4391-9D07-93B22618BE58}.Distribution|Win32.ActiveCfg = Debug|x64
		{B6D08289-B8AE-4391-9D07-93B22618BE58}.Distribution|x64.ActiveCfg = Debug|x64
		{B6D08289-B8AE-4391-9D07-93B22618BE58}.Distribution|x64.Build.0 = Debug|x64
		{B6D08289-B8AE-4391-9D07-93B22618BE58}.Nightly|Any CPU.ActiveCfg = Release|x64
		{B6D08289-B8AE-4391-9D07-93B22618BE58}.Nightly|Itanium.ActiveCfg = Release|x64
		{B6D08289-B8AE-4391-9D07-93B22618BE58}.Nightly|Mixed Platforms.ActiveCfg = Release|x64
		{B6D08289-B8AE-4391-9D07-93B22618BE58}.Nightly|Mixed Platforms.Build.0 = Release|x64
		{B6D08289-B8AE-4391-9D07-93B22618BE58}.Nightly|Win32.ActiveCfg = Nightly|Win32
		{B6D08289-B8AE-4391-9D07-93B22618BE58}.Nightly|Win32.Build.0 = Nightly|Win32
		{B6D08289-B8AE-4391-9D07-93B22618BE58}.Nightly|x64.ActiveCfg = Nightly|x64
		{B6D08289-B8AE-4391-9D07-93B22618BE58}.Nightly|x64.Build.0 = Nightly|x64
		{B6D08289-B8AE-4391-9D07-93B22618BE58}.Release|Any CPU.ActiveCfg = Release|x64
		{B6D08289-B8AE-4391-9D07-93B22618BE58}.Release|Itanium.ActiveCfg = Release|x64
		{B6D08289-B8AE-4391-9D07-93B22618BE58}.Release|Mixed Platforms.ActiveCfg = Release|x64
		{B6D08289-B8AE-4391-9D07-93B22618BE58}.Release|Mixed Platforms.Build.0 = Release|x64
		{B6D08289-B8AE-4391-9D07-93B22618BE58}.Release|Win32.ActiveCfg = Release|Win32
		{B6D08289-B8AE-4391-9D07-93B22618BE58}.Release|Win32.Build.0 = Release|Win32
		{B6D08289-B8AE-4391-9D07-93B22618BE58}.Release|x64.ActiveCfg = Release|x64
		{B6D08289-B8AE-4391-9D07-93B22618BE58}.Release|x64.Build.0 = Release|x64
	EndGlobalSection
	GlobalSection(SolutionProperties) = preSolution
		HideSolutionNode = FALSE
	EndGlobalSection
	GlobalSection(NestedProjects) = preSolution
		{62B685D7-3A2E-4F3E-B2B8-B17F20C0217F} = {9757464B-C125-4307-A84A-F4181AE6A081}
		{BA246C01-063A-4548-8957-32D5CC76171B} = {9757464B-C125-4307-A84A-F4181AE6A081}
		{E6E588AB-EFEF-481C-9AF7-DCDCB95CFF45} = {9757464B-C125-4307-A84A-F4181AE6A081}
		{2FF60AF6-09AA-49AB-B414-2E8FD01655C6} = {9757464B-C125-4307-A84A-F4181AE6A081}
		{08D6246D-1B4A-47A3-965D-296DCC54A4E8} = {9757464B-C125-4307-A84A-F4181AE6A081}
		{2FCAF54B-AAD3-4F59-895A-8F9CEAFDC65D} = {9757464B-C125-4307-A84A-F4181AE6A081}
		{8F1C3E39-D6C6-4414-AAD2-FE03C9A8655F} = {9757464B-C125-4307-A84A-F4181AE6A081}
		{05DE66AC-E55C-43B3-849F-7EC695D8B8D0} = {9757464B-C125-4307-A84A-F4181AE6A081}
		{626EB00E-A4D2-4B02-9BF4-4C655CA2B7E4} = {9757464B-C125-4307-A84A-F4181AE6A081}
		{6F55C9BF-57F6-4A15-A058-C83A52F539EE} = {9757464B-C125-4307-A84A-F4181AE6A081}
		{26B84883-BE52-40E6-9BEE-55AD056D5751} = {9757464B-C125-4307-A84A-F4181AE6A081}
		{0BEEC749-0E3E-4FB2-82DA-AC8D4730A129} = {9757464B-C125-4307-A84A-F4181AE6A081}
		{4241C6CF-EC01-4AD9-89B0-B75EBA8A5996} = {9757464B-C125-4307-A84A-F4181AE6A081}
		{BBFF8362-C626-4838-B0A2-F695D638AD24} = {9757464B-C125-4307-A84A-F4181AE6A081}
		{0E2B21D9-F432-4127-8E92-7716B1072510} = {9A087442-7BB2-4CF0-9F58-5D1BC3C32CD2}
		{630857C0-6AD8-4CEE-B5F7-CA1DF620CA9A} = {C8DCE3D7-A802-4C5D-ABB1-B478F545B6E5}
		{B6D08289-B8AE-4391-9D07-93B22618BE58} = {C8DCE3D7-A802-4C5D-ABB1-B478F545B6E5}
	EndGlobalSection
	GlobalSection(DPCodeReviewSolutionGUID) = preSolution
		DPCodeReviewSolutionGUID = {00000000-0000-0000-0000-000000000000}
	EndGlobalSection
EndGlobal
